// !$*UTF8*$!
{
	archiveVersion = 1;
	classes = {
	};
	objectVersion = 56;
	objects = {

/* Begin PBXBuildFile section */
		1A3852F52ADE5A9F00E9A20B /* Split.swift in Sources */ = {isa = PBXBuildFile; fileRef = 1A3852F42ADE5A9F00E9A20B /* Split.swift */; };
		1A3852F72ADE5AB200E9A20B /* CSInfo.swift in Sources */ = {isa = PBXBuildFile; fileRef = 1A3852F62ADE5AB200E9A20B /* CSInfo.swift */; };
		1A3852F92ADE5AC200E9A20B /* CSMember.swift in Sources */ = {isa = PBXBuildFile; fileRef = 1A3852F82ADE5AC200E9A20B /* CSMember.swift */; };
		1A3852FB2ADE5ADA00E9A20B /* ExclItem.swift in Sources */ = {isa = PBXBuildFile; fileRef = 1A3852FA2ADE5ADA00E9A20B /* ExclItem.swift */; };
		1A3852FD2ADE5B0100E9A20B /* ExclMember.swift in Sources */ = {isa = PBXBuildFile; fileRef = 1A3852FC2ADE5B0100E9A20B /* ExclMember.swift */; };
		1A3852FF2ADE5B1B00E9A20B /* RealmSplit.swift in Sources */ = {isa = PBXBuildFile; fileRef = 1A3852FE2ADE5B1B00E9A20B /* RealmSplit.swift */; };
		1A3853012ADE5B3100E9A20B /* RealmCSInfo.swift in Sources */ = {isa = PBXBuildFile; fileRef = 1A3853002ADE5B3100E9A20B /* RealmCSInfo.swift */; };
		1A3853032ADE5B4500E9A20B /* RealmCSMember.swift in Sources */ = {isa = PBXBuildFile; fileRef = 1A3853022ADE5B4500E9A20B /* RealmCSMember.swift */; };
		1A3853052ADE5B7B00E9A20B /* RealmExclItem.swift in Sources */ = {isa = PBXBuildFile; fileRef = 1A3853042ADE5B7B00E9A20B /* RealmExclItem.swift */; };
		1A3853072ADE5B9D00E9A20B /* RealmExclMember.swift in Sources */ = {isa = PBXBuildFile; fileRef = 1A3853062ADE5B9D00E9A20B /* RealmExclMember.swift */; };
		1A4DB2292ADE61E800616243 /* RealmManager.swift in Sources */ = {isa = PBXBuildFile; fileRef = 1A4DB2282ADE61E800616243 /* RealmManager.swift */; };
		1A4DB22B2ADE68E400616243 /* SplitRepository.swift in Sources */ = {isa = PBXBuildFile; fileRef = 1A4DB22A2ADE68E400616243 /* SplitRepository.swift */; };
		1A4DB2512ADEB24300616243 /* RealmMemberLog.swift in Sources */ = {isa = PBXBuildFile; fileRef = 1A4DB2502ADEB24300616243 /* RealmMemberLog.swift */; };
		1A4DB2532ADEB24F00616243 /* MemberLog.swift in Sources */ = {isa = PBXBuildFile; fileRef = 1A4DB2522ADEB24F00616243 /* MemberLog.swift */; };
		60115DF72ADBF2980050D32C /* UIColor+.swift in Sources */ = {isa = PBXBuildFile; fileRef = 60115DF62ADBF2980050D32C /* UIColor+.swift */; };
		60115DF92ADBF2E10050D32C /* HomeVM.swift in Sources */ = {isa = PBXBuildFile; fileRef = 60115DF82ADBF2E10050D32C /* HomeVM.swift */; };
		60115DFC2ADBF8860050D32C /* RxAppState in Frameworks */ = {isa = PBXBuildFile; productRef = 60115DFB2ADBF8860050D32C /* RxAppState */; };
		60115E012ADC01150050D32C /* UITextField+.swift in Sources */ = {isa = PBXBuildFile; fileRef = 60115E002ADC01150050D32C /* UITextField+.swift */; };
		60115E0C2ADC18F90050D32C /* CSTitleInputVC.swift in Sources */ = {isa = PBXBuildFile; fileRef = 60115E0B2ADC18F90050D32C /* CSTitleInputVC.swift */; };
		60115E0E2ADC19250050D32C /* CSTitleInputVM.swift in Sources */ = {isa = PBXBuildFile; fileRef = 60115E0D2ADC19250050D32C /* CSTitleInputVM.swift */; };
		60115E102ADC195C0050D32C /* CreateStore.swift in Sources */ = {isa = PBXBuildFile; fileRef = 60115E0F2ADC195C0050D32C /* CreateStore.swift */; };
		60115E122ADC19D40050D32C /* NavigationHeader.swift in Sources */ = {isa = PBXBuildFile; fileRef = 60115E112ADC19D40050D32C /* NavigationHeader.swift */; };
		60115E142ADCDB570050D32C /* CSTotalAmountInputVC.swift in Sources */ = {isa = PBXBuildFile; fileRef = 60115E132ADCDB570050D32C /* CSTotalAmountInputVC.swift */; };
		60115E162ADCDB840050D32C /* CSTotalAmountInputVM.swift in Sources */ = {isa = PBXBuildFile; fileRef = 60115E152ADCDB840050D32C /* CSTotalAmountInputVM.swift */; };
		60115E182ADD19CD0050D32C /* NumberFormatterHelper.swift in Sources */ = {isa = PBXBuildFile; fileRef = 60115E172ADD19CD0050D32C /* NumberFormatterHelper.swift */; };
		60115E1D2ADD2B5E0050D32C /* CSMemberInputVC.swift in Sources */ = {isa = PBXBuildFile; fileRef = 60115E1C2ADD2B5E0050D32C /* CSMemberInputVC.swift */; };
		60115E1F2ADD2B660050D32C /* CSMemberInputVM.swift in Sources */ = {isa = PBXBuildFile; fileRef = 60115E1E2ADD2B660050D32C /* CSMemberInputVM.swift */; };
		60115E222ADD2BC80050D32C /* CSMemberInputCell.swift in Sources */ = {isa = PBXBuildFile; fileRef = 60115E212ADD2BC80050D32C /* CSMemberInputCell.swift */; };
		60115E242ADD2BE20050D32C /* CSMemberInputSearchCell.swift in Sources */ = {isa = PBXBuildFile; fileRef = 60115E232ADD2BE20050D32C /* CSMemberInputSearchCell.swift */; };
		60115E262ADD2CB00050D32C /* CSMemberInputSearchFooter.swift in Sources */ = {isa = PBXBuildFile; fileRef = 60115E252ADD2CB00050D32C /* CSMemberInputSearchFooter.swift */; };
		60115E292ADE21C40050D32C /* CSMemberConfirmVC.swift in Sources */ = {isa = PBXBuildFile; fileRef = 60115E282ADE21C40050D32C /* CSMemberConfirmVC.swift */; };
		60115E2B2ADE21CB0050D32C /* CSMemberConfirmVM.swift in Sources */ = {isa = PBXBuildFile; fileRef = 60115E2A2ADE21CB0050D32C /* CSMemberConfirmVM.swift */; };
		60115E2D2ADE221D0050D32C /* CSMemberConfirmCell.swift in Sources */ = {isa = PBXBuildFile; fileRef = 60115E2C2ADE221D0050D32C /* CSMemberConfirmCell.swift */; };
		60115E2F2ADE3EDA0050D32C /* CSMemberConfirmHeader.swift in Sources */ = {isa = PBXBuildFile; fileRef = 60115E2E2ADE3EDA0050D32C /* CSMemberConfirmHeader.swift */; };
		60115E312ADE715E0050D32C /* CSMemberConfirmHeaderVM.swift in Sources */ = {isa = PBXBuildFile; fileRef = 60115E302ADE715E0050D32C /* CSMemberConfirmHeaderVM.swift */; };
		6078ACCC2ADA74AC00995811 /* AppDelegate.swift in Sources */ = {isa = PBXBuildFile; fileRef = 6078ACCB2ADA74AC00995811 /* AppDelegate.swift */; };
		6078ACCE2ADA74AC00995811 /* SceneDelegate.swift in Sources */ = {isa = PBXBuildFile; fileRef = 6078ACCD2ADA74AC00995811 /* SceneDelegate.swift */; };
		6078ACD02ADA74AC00995811 /* HomeVC.swift in Sources */ = {isa = PBXBuildFile; fileRef = 6078ACCF2ADA74AC00995811 /* HomeVC.swift */; };
		6078ACD52ADA74AD00995811 /* Assets.xcassets in Resources */ = {isa = PBXBuildFile; fileRef = 6078ACD42ADA74AD00995811 /* Assets.xcassets */; };
		6078ACD82ADA74AD00995811 /* LaunchScreen.storyboard in Resources */ = {isa = PBXBuildFile; fileRef = 6078ACD62ADA74AD00995811 /* LaunchScreen.storyboard */; };
		6078ACE12ADA751D00995811 /* RxRealm in Frameworks */ = {isa = PBXBuildFile; productRef = 6078ACE02ADA751D00995811 /* RxRealm */; };
		6078ACE42ADA752600995811 /* Reusable in Frameworks */ = {isa = PBXBuildFile; productRef = 6078ACE32ADA752600995811 /* Reusable */; };
		6078ACE72ADA752F00995811 /* Then in Frameworks */ = {isa = PBXBuildFile; productRef = 6078ACE62ADA752F00995811 /* Then */; };
		6078ACEA2ADA753B00995811 /* SnapKit in Frameworks */ = {isa = PBXBuildFile; productRef = 6078ACE92ADA753B00995811 /* SnapKit */; };
		6078ACED2ADA756900995811 /* RxCocoa in Frameworks */ = {isa = PBXBuildFile; productRef = 6078ACEC2ADA756900995811 /* RxCocoa */; };
		6078ACEF2ADA756900995811 /* RxSwift in Frameworks */ = {isa = PBXBuildFile; productRef = 6078ACEE2ADA756900995811 /* RxSwift */; };
		6078ACF22ADA757E00995811 /* RxDataSources in Frameworks */ = {isa = PBXBuildFile; productRef = 6078ACF12ADA757E00995811 /* RxDataSources */; };
		60AD20E22ADEC15000EFACCD /* ExclItemNameInputVC.swift in Sources */ = {isa = PBXBuildFile; fileRef = 60AD20E12ADEC15000EFACCD /* ExclItemNameInputVC.swift */; };
		60AD20E42ADEC15700EFACCD /* ExclItemNameInputVM.swift in Sources */ = {isa = PBXBuildFile; fileRef = 60AD20E32ADEC15700EFACCD /* ExclItemNameInputVM.swift */; };
		60AD20E92ADEC8AD00EFACCD /* ExclItemPriceInputVC.swift in Sources */ = {isa = PBXBuildFile; fileRef = 60AD20E82ADEC8AD00EFACCD /* ExclItemPriceInputVC.swift */; };
		60AD20EB2ADEC8BA00EFACCD /* ExclItemPriceInputVM.swift in Sources */ = {isa = PBXBuildFile; fileRef = 60AD20EA2ADEC8BA00EFACCD /* ExclItemPriceInputVM.swift */; };
		60AD20F02ADF811A00EFACCD /* ExclMemberVC.swift in Sources */ = {isa = PBXBuildFile; fileRef = 60AD20EF2ADF811A00EFACCD /* ExclMemberVC.swift */; };
		60AD20F22ADF812300EFACCD /* ExclMemberVM.swift in Sources */ = {isa = PBXBuildFile; fileRef = 60AD20F12ADF812300EFACCD /* ExclMemberVM.swift */; };
		60AD20F42ADF827400EFACCD /* ExclMemberSection.swift in Sources */ = {isa = PBXBuildFile; fileRef = 60AD20F32ADF827400EFACCD /* ExclMemberSection.swift */; };
		60AD20F72ADF838300EFACCD /* ExclMemberCell.swift in Sources */ = {isa = PBXBuildFile; fileRef = 60AD20F62ADF838300EFACCD /* ExclMemberCell.swift */; };
		60AD20F92ADF83DE00EFACCD /* ExclAddCell.swift in Sources */ = {isa = PBXBuildFile; fileRef = 60AD20F82ADF83DE00EFACCD /* ExclAddCell.swift */; };
		60AD20FB2ADF842C00EFACCD /* ExclMemberSectionHeader.swift in Sources */ = {isa = PBXBuildFile; fileRef = 60AD20FA2ADF842C00EFACCD /* ExclMemberSectionHeader.swift */; };
		60AD20FD2ADF846600EFACCD /* ExclMemberSectionBackground.swift in Sources */ = {isa = PBXBuildFile; fileRef = 60AD20FC2ADF846600EFACCD /* ExclMemberSectionBackground.swift */; };
		DE1711C22AE0BA9B0097850D /* MyInfoVM.swift in Sources */ = {isa = PBXBuildFile; fileRef = DE1711C12AE0BA9B0097850D /* MyInfoVM.swift */; };
		DE1711C42AE0BAB30097850D /* MyInfoVC.swift in Sources */ = {isa = PBXBuildFile; fileRef = DE1711C32AE0BAB30097850D /* MyInfoVC.swift */; };
		DE1711C62AE0BACE0097850D /* User.swift in Sources */ = {isa = PBXBuildFile; fileRef = DE1711C52AE0BACE0097850D /* User.swift */; };
		DE1711C82AE0BADD0097850D /* SocialPay.swift in Sources */ = {isa = PBXBuildFile; fileRef = DE1711C72AE0BADD0097850D /* SocialPay.swift */; };
		DE1711CA2AE0BAEA0097850D /* UserData.swift in Sources */ = {isa = PBXBuildFile; fileRef = DE1711C92AE0BAEA0097850D /* UserData.swift */; };
		DE1711CC2AE0BAF90097850D /* PayData.swift in Sources */ = {isa = PBXBuildFile; fileRef = DE1711CB2AE0BAF90097850D /* PayData.swift */; };
/* End PBXBuildFile section */

/* Begin PBXFileReference section */
		1A3852F42ADE5A9F00E9A20B /* Split.swift */ = {isa = PBXFileReference; lastKnownFileType = sourcecode.swift; path = Split.swift; sourceTree = "<group>"; };
		1A3852F62ADE5AB200E9A20B /* CSInfo.swift */ = {isa = PBXFileReference; lastKnownFileType = sourcecode.swift; path = CSInfo.swift; sourceTree = "<group>"; };
		1A3852F82ADE5AC200E9A20B /* CSMember.swift */ = {isa = PBXFileReference; lastKnownFileType = sourcecode.swift; path = CSMember.swift; sourceTree = "<group>"; };
		1A3852FA2ADE5ADA00E9A20B /* ExclItem.swift */ = {isa = PBXFileReference; lastKnownFileType = sourcecode.swift; path = ExclItem.swift; sourceTree = "<group>"; };
		1A3852FC2ADE5B0100E9A20B /* ExclMember.swift */ = {isa = PBXFileReference; lastKnownFileType = sourcecode.swift; path = ExclMember.swift; sourceTree = "<group>"; };
		1A3852FE2ADE5B1B00E9A20B /* RealmSplit.swift */ = {isa = PBXFileReference; lastKnownFileType = sourcecode.swift; path = RealmSplit.swift; sourceTree = "<group>"; };
		1A3853002ADE5B3100E9A20B /* RealmCSInfo.swift */ = {isa = PBXFileReference; lastKnownFileType = sourcecode.swift; path = RealmCSInfo.swift; sourceTree = "<group>"; };
		1A3853022ADE5B4500E9A20B /* RealmCSMember.swift */ = {isa = PBXFileReference; lastKnownFileType = sourcecode.swift; path = RealmCSMember.swift; sourceTree = "<group>"; };
		1A3853042ADE5B7B00E9A20B /* RealmExclItem.swift */ = {isa = PBXFileReference; lastKnownFileType = sourcecode.swift; path = RealmExclItem.swift; sourceTree = "<group>"; };
		1A3853062ADE5B9D00E9A20B /* RealmExclMember.swift */ = {isa = PBXFileReference; lastKnownFileType = sourcecode.swift; path = RealmExclMember.swift; sourceTree = "<group>"; };
		1A4DB2282ADE61E800616243 /* RealmManager.swift */ = {isa = PBXFileReference; lastKnownFileType = sourcecode.swift; path = RealmManager.swift; sourceTree = "<group>"; };
		1A4DB22A2ADE68E400616243 /* SplitRepository.swift */ = {isa = PBXFileReference; lastKnownFileType = sourcecode.swift; path = SplitRepository.swift; sourceTree = "<group>"; };
		1A4DB2502ADEB24300616243 /* RealmMemberLog.swift */ = {isa = PBXFileReference; lastKnownFileType = sourcecode.swift; path = RealmMemberLog.swift; sourceTree = "<group>"; };
		1A4DB2522ADEB24F00616243 /* MemberLog.swift */ = {isa = PBXFileReference; lastKnownFileType = sourcecode.swift; path = MemberLog.swift; sourceTree = "<group>"; };
		60115DF62ADBF2980050D32C /* UIColor+.swift */ = {isa = PBXFileReference; lastKnownFileType = sourcecode.swift; path = "UIColor+.swift"; sourceTree = "<group>"; };
		60115DF82ADBF2E10050D32C /* HomeVM.swift */ = {isa = PBXFileReference; lastKnownFileType = sourcecode.swift; path = HomeVM.swift; sourceTree = "<group>"; };
		60115E002ADC01150050D32C /* UITextField+.swift */ = {isa = PBXFileReference; lastKnownFileType = sourcecode.swift; path = "UITextField+.swift"; sourceTree = "<group>"; };
		60115E0B2ADC18F90050D32C /* CSTitleInputVC.swift */ = {isa = PBXFileReference; lastKnownFileType = sourcecode.swift; path = CSTitleInputVC.swift; sourceTree = "<group>"; };
		60115E0D2ADC19250050D32C /* CSTitleInputVM.swift */ = {isa = PBXFileReference; lastKnownFileType = sourcecode.swift; path = CSTitleInputVM.swift; sourceTree = "<group>"; };
		60115E0F2ADC195C0050D32C /* CreateStore.swift */ = {isa = PBXFileReference; lastKnownFileType = sourcecode.swift; path = CreateStore.swift; sourceTree = "<group>"; };
		60115E112ADC19D40050D32C /* NavigationHeader.swift */ = {isa = PBXFileReference; lastKnownFileType = sourcecode.swift; path = NavigationHeader.swift; sourceTree = "<group>"; };
		60115E132ADCDB570050D32C /* CSTotalAmountInputVC.swift */ = {isa = PBXFileReference; lastKnownFileType = sourcecode.swift; path = CSTotalAmountInputVC.swift; sourceTree = "<group>"; };
		60115E152ADCDB840050D32C /* CSTotalAmountInputVM.swift */ = {isa = PBXFileReference; lastKnownFileType = sourcecode.swift; path = CSTotalAmountInputVM.swift; sourceTree = "<group>"; };
		60115E172ADD19CD0050D32C /* NumberFormatterHelper.swift */ = {isa = PBXFileReference; lastKnownFileType = sourcecode.swift; path = NumberFormatterHelper.swift; sourceTree = "<group>"; };
		60115E1C2ADD2B5E0050D32C /* CSMemberInputVC.swift */ = {isa = PBXFileReference; lastKnownFileType = sourcecode.swift; path = CSMemberInputVC.swift; sourceTree = "<group>"; };
		60115E1E2ADD2B660050D32C /* CSMemberInputVM.swift */ = {isa = PBXFileReference; lastKnownFileType = sourcecode.swift; path = CSMemberInputVM.swift; sourceTree = "<group>"; };
		60115E212ADD2BC80050D32C /* CSMemberInputCell.swift */ = {isa = PBXFileReference; lastKnownFileType = sourcecode.swift; path = CSMemberInputCell.swift; sourceTree = "<group>"; };
		60115E232ADD2BE20050D32C /* CSMemberInputSearchCell.swift */ = {isa = PBXFileReference; lastKnownFileType = sourcecode.swift; path = CSMemberInputSearchCell.swift; sourceTree = "<group>"; };
		60115E252ADD2CB00050D32C /* CSMemberInputSearchFooter.swift */ = {isa = PBXFileReference; lastKnownFileType = sourcecode.swift; path = CSMemberInputSearchFooter.swift; sourceTree = "<group>"; };
		60115E282ADE21C40050D32C /* CSMemberConfirmVC.swift */ = {isa = PBXFileReference; lastKnownFileType = sourcecode.swift; path = CSMemberConfirmVC.swift; sourceTree = "<group>"; };
		60115E2A2ADE21CB0050D32C /* CSMemberConfirmVM.swift */ = {isa = PBXFileReference; lastKnownFileType = sourcecode.swift; path = CSMemberConfirmVM.swift; sourceTree = "<group>"; };
		60115E2C2ADE221D0050D32C /* CSMemberConfirmCell.swift */ = {isa = PBXFileReference; lastKnownFileType = sourcecode.swift; path = CSMemberConfirmCell.swift; sourceTree = "<group>"; };
		60115E2E2ADE3EDA0050D32C /* CSMemberConfirmHeader.swift */ = {isa = PBXFileReference; lastKnownFileType = sourcecode.swift; path = CSMemberConfirmHeader.swift; sourceTree = "<group>"; };
		60115E302ADE715E0050D32C /* CSMemberConfirmHeaderVM.swift */ = {isa = PBXFileReference; lastKnownFileType = sourcecode.swift; path = CSMemberConfirmHeaderVM.swift; sourceTree = "<group>"; };
		6078ACC82ADA74AC00995811 /* SplitIt.app */ = {isa = PBXFileReference; explicitFileType = wrapper.application; includeInIndex = 0; path = SplitIt.app; sourceTree = BUILT_PRODUCTS_DIR; };
		6078ACCB2ADA74AC00995811 /* AppDelegate.swift */ = {isa = PBXFileReference; lastKnownFileType = sourcecode.swift; path = AppDelegate.swift; sourceTree = "<group>"; };
		6078ACCD2ADA74AC00995811 /* SceneDelegate.swift */ = {isa = PBXFileReference; lastKnownFileType = sourcecode.swift; path = SceneDelegate.swift; sourceTree = "<group>"; };
		6078ACCF2ADA74AC00995811 /* HomeVC.swift */ = {isa = PBXFileReference; lastKnownFileType = sourcecode.swift; path = HomeVC.swift; sourceTree = "<group>"; };
		6078ACD42ADA74AD00995811 /* Assets.xcassets */ = {isa = PBXFileReference; lastKnownFileType = folder.assetcatalog; path = Assets.xcassets; sourceTree = "<group>"; };
		6078ACD72ADA74AD00995811 /* Base */ = {isa = PBXFileReference; lastKnownFileType = file.storyboard; name = Base; path = Base.lproj/LaunchScreen.storyboard; sourceTree = "<group>"; };
		6078ACD92ADA74AD00995811 /* Info.plist */ = {isa = PBXFileReference; lastKnownFileType = text.plist.xml; path = Info.plist; sourceTree = "<group>"; };
		60AD20E12ADEC15000EFACCD /* ExclItemNameInputVC.swift */ = {isa = PBXFileReference; lastKnownFileType = sourcecode.swift; path = ExclItemNameInputVC.swift; sourceTree = "<group>"; };
		60AD20E32ADEC15700EFACCD /* ExclItemNameInputVM.swift */ = {isa = PBXFileReference; lastKnownFileType = sourcecode.swift; path = ExclItemNameInputVM.swift; sourceTree = "<group>"; };
		60AD20E82ADEC8AD00EFACCD /* ExclItemPriceInputVC.swift */ = {isa = PBXFileReference; lastKnownFileType = sourcecode.swift; path = ExclItemPriceInputVC.swift; sourceTree = "<group>"; };
		60AD20EA2ADEC8BA00EFACCD /* ExclItemPriceInputVM.swift */ = {isa = PBXFileReference; lastKnownFileType = sourcecode.swift; path = ExclItemPriceInputVM.swift; sourceTree = "<group>"; };
		60AD20EF2ADF811A00EFACCD /* ExclMemberVC.swift */ = {isa = PBXFileReference; lastKnownFileType = sourcecode.swift; path = ExclMemberVC.swift; sourceTree = "<group>"; };
		60AD20F12ADF812300EFACCD /* ExclMemberVM.swift */ = {isa = PBXFileReference; lastKnownFileType = sourcecode.swift; path = ExclMemberVM.swift; sourceTree = "<group>"; };
		60AD20F32ADF827400EFACCD /* ExclMemberSection.swift */ = {isa = PBXFileReference; lastKnownFileType = sourcecode.swift; path = ExclMemberSection.swift; sourceTree = "<group>"; };
		60AD20F62ADF838300EFACCD /* ExclMemberCell.swift */ = {isa = PBXFileReference; lastKnownFileType = sourcecode.swift; path = ExclMemberCell.swift; sourceTree = "<group>"; };
		60AD20F82ADF83DE00EFACCD /* ExclAddCell.swift */ = {isa = PBXFileReference; lastKnownFileType = sourcecode.swift; path = ExclAddCell.swift; sourceTree = "<group>"; };
		60AD20FA2ADF842C00EFACCD /* ExclMemberSectionHeader.swift */ = {isa = PBXFileReference; lastKnownFileType = sourcecode.swift; path = ExclMemberSectionHeader.swift; sourceTree = "<group>"; };
		60AD20FC2ADF846600EFACCD /* ExclMemberSectionBackground.swift */ = {isa = PBXFileReference; lastKnownFileType = sourcecode.swift; path = ExclMemberSectionBackground.swift; sourceTree = "<group>"; };
		DE1711C12AE0BA9B0097850D /* MyInfoVM.swift */ = {isa = PBXFileReference; lastKnownFileType = sourcecode.swift; path = MyInfoVM.swift; sourceTree = "<group>"; };
		DE1711C32AE0BAB30097850D /* MyInfoVC.swift */ = {isa = PBXFileReference; lastKnownFileType = sourcecode.swift; path = MyInfoVC.swift; sourceTree = "<group>"; };
		DE1711C52AE0BACE0097850D /* User.swift */ = {isa = PBXFileReference; lastKnownFileType = sourcecode.swift; path = User.swift; sourceTree = "<group>"; };
		DE1711C72AE0BADD0097850D /* SocialPay.swift */ = {isa = PBXFileReference; lastKnownFileType = sourcecode.swift; path = SocialPay.swift; sourceTree = "<group>"; };
		DE1711C92AE0BAEA0097850D /* UserData.swift */ = {isa = PBXFileReference; lastKnownFileType = sourcecode.swift; path = UserData.swift; sourceTree = "<group>"; };
		DE1711CB2AE0BAF90097850D /* PayData.swift */ = {isa = PBXFileReference; lastKnownFileType = sourcecode.swift; path = PayData.swift; sourceTree = "<group>"; };
/* End PBXFileReference section */

/* Begin PBXFrameworksBuildPhase section */
		6078ACC52ADA74AC00995811 /* Frameworks */ = {
			isa = PBXFrameworksBuildPhase;
			buildActionMask = 2147483647;
			files = (
				6078ACEF2ADA756900995811 /* RxSwift in Frameworks */,
				6078ACE12ADA751D00995811 /* RxRealm in Frameworks */,
				6078ACEA2ADA753B00995811 /* SnapKit in Frameworks */,
				6078ACED2ADA756900995811 /* RxCocoa in Frameworks */,
				6078ACF22ADA757E00995811 /* RxDataSources in Frameworks */,
				6078ACE72ADA752F00995811 /* Then in Frameworks */,
				60115DFC2ADBF8860050D32C /* RxAppState in Frameworks */,
				6078ACE42ADA752600995811 /* Reusable in Frameworks */,
			);
			runOnlyForDeploymentPostprocessing = 0;
		};
/* End PBXFrameworksBuildPhase section */

/* Begin PBXGroup section */
		1A3852F22ADE5A4F00E9A20B /* RealmModels */ = {
			isa = PBXGroup;
			children = (
				1A3852FE2ADE5B1B00E9A20B /* RealmSplit.swift */,
				1A3853002ADE5B3100E9A20B /* RealmCSInfo.swift */,
				1A3853022ADE5B4500E9A20B /* RealmCSMember.swift */,
				1A3853042ADE5B7B00E9A20B /* RealmExclItem.swift */,
				1A3853062ADE5B9D00E9A20B /* RealmExclMember.swift */,
				1A4DB2502ADEB24300616243 /* RealmMemberLog.swift */,
			);
			path = RealmModels;
			sourceTree = "<group>";
		};
		1A3852F32ADE5A7300E9A20B /* LocalModels */ = {
			isa = PBXGroup;
			children = (
				1A3852F42ADE5A9F00E9A20B /* Split.swift */,
				1A3852F62ADE5AB200E9A20B /* CSInfo.swift */,
				1A3852F82ADE5AC200E9A20B /* CSMember.swift */,
				1A3852FA2ADE5ADA00E9A20B /* ExclItem.swift */,
				1A3852FC2ADE5B0100E9A20B /* ExclMember.swift */,
				1A4DB2522ADEB24F00616243 /* MemberLog.swift */,
			);
			path = LocalModels;
			sourceTree = "<group>";
		};
		1A4DB2272ADE61D400616243 /* Repository */ = {
			isa = PBXGroup;
			children = (
				1A4DB22A2ADE68E400616243 /* SplitRepository.swift */,
				1A4DB2282ADE61E800616243 /* RealmManager.swift */,
			);
			path = Repository;
			sourceTree = "<group>";
		};
		60115DF22ADBF0DD0050D32C /* Presenter */ = {
			isa = PBXGroup;
			children = (
				DE1711BE2AE0BA750097850D /* MyInfo */,
				60115E042ADC18110050D32C /* SplitCreateFlow */,
				60115DF32ADBF10B0050D32C /* Home */,
				60115E112ADC19D40050D32C /* NavigationHeader.swift */,
			);
			path = Presenter;
			sourceTree = "<group>";
		};
		60115DF32ADBF10B0050D32C /* Home */ = {
			isa = PBXGroup;
			children = (
				60115DFD2ADBFFB40050D32C /* View */,
				60115DFE2ADBFFBD0050D32C /* ViewModel */,
			);
			path = Home;
			sourceTree = "<group>";
		};
		60115DF42ADBF1F80050D32C /* Resources */ = {
			isa = PBXGroup;
			children = (
				60115DF52ADBF2580050D32C /* Extensions */,
				60115E172ADD19CD0050D32C /* NumberFormatterHelper.swift */,
			);
			path = Resources;
			sourceTree = "<group>";
		};
		60115DF52ADBF2580050D32C /* Extensions */ = {
			isa = PBXGroup;
			children = (
				60115DF62ADBF2980050D32C /* UIColor+.swift */,
				60115E002ADC01150050D32C /* UITextField+.swift */,
			);
			path = Extensions;
			sourceTree = "<group>";
		};
		60115DFD2ADBFFB40050D32C /* View */ = {
			isa = PBXGroup;
			children = (
				6078ACCF2ADA74AC00995811 /* HomeVC.swift */,
			);
			path = View;
			sourceTree = "<group>";
		};
		60115DFE2ADBFFBD0050D32C /* ViewModel */ = {
			isa = PBXGroup;
			children = (
				60115DF82ADBF2E10050D32C /* HomeVM.swift */,
			);
			path = ViewModel;
			sourceTree = "<group>";
		};
		60115DFF2ADC000F0050D32C /* Models */ = {
			isa = PBXGroup;
			children = (
				1A3852F32ADE5A7300E9A20B /* LocalModels */,
				1A3852F22ADE5A4F00E9A20B /* RealmModels */,
			);
			path = Models;
			sourceTree = "<group>";
		};
		60115E042ADC18110050D32C /* SplitCreateFlow */ = {
			isa = PBXGroup;
			children = (
				60AD20DD2ADEC0BC00EFACCD /* ExclItemCycle */,
				60115E192ADD2B330050D32C /* CSMember */,
				60115E082ADC18C40050D32C /* CSTotalAmount */,
				60115E052ADC18440050D32C /* CSTitle */,
				60115E0F2ADC195C0050D32C /* CreateStore.swift */,
			);
			path = SplitCreateFlow;
			sourceTree = "<group>";
		};
		60115E052ADC18440050D32C /* CSTitle */ = {
			isa = PBXGroup;
			children = (
				60115E072ADC18BE0050D32C /* ViewModel */,
				60115E062ADC18B50050D32C /* View */,
			);
			path = CSTitle;
			sourceTree = "<group>";
		};
		60115E062ADC18B50050D32C /* View */ = {
			isa = PBXGroup;
			children = (
				60115E0B2ADC18F90050D32C /* CSTitleInputVC.swift */,
			);
			path = View;
			sourceTree = "<group>";
		};
		60115E072ADC18BE0050D32C /* ViewModel */ = {
			isa = PBXGroup;
			children = (
				60115E0D2ADC19250050D32C /* CSTitleInputVM.swift */,
			);
			path = ViewModel;
			sourceTree = "<group>";
		};
		60115E082ADC18C40050D32C /* CSTotalAmount */ = {
			isa = PBXGroup;
			children = (
				60115E0A2ADC18D90050D32C /* ViewModel */,
				60115E092ADC18D30050D32C /* View */,
			);
			path = CSTotalAmount;
			sourceTree = "<group>";
		};
		60115E092ADC18D30050D32C /* View */ = {
			isa = PBXGroup;
			children = (
				60115E132ADCDB570050D32C /* CSTotalAmountInputVC.swift */,
			);
			path = View;
			sourceTree = "<group>";
		};
		60115E0A2ADC18D90050D32C /* ViewModel */ = {
			isa = PBXGroup;
			children = (
				60115E152ADCDB840050D32C /* CSTotalAmountInputVM.swift */,
			);
			path = ViewModel;
			sourceTree = "<group>";
		};
		60115E192ADD2B330050D32C /* CSMember */ = {
			isa = PBXGroup;
			children = (
				60115E1B2ADD2B440050D32C /* ViewModel */,
				60115E1A2ADD2B3C0050D32C /* View */,
			);
			path = CSMember;
			sourceTree = "<group>";
		};
		60115E1A2ADD2B3C0050D32C /* View */ = {
			isa = PBXGroup;
			children = (
				60115E202ADD2B6D0050D32C /* Cell */,
				60115E1C2ADD2B5E0050D32C /* CSMemberInputVC.swift */,
				60115E252ADD2CB00050D32C /* CSMemberInputSearchFooter.swift */,
				60115E282ADE21C40050D32C /* CSMemberConfirmVC.swift */,
				60115E2E2ADE3EDA0050D32C /* CSMemberConfirmHeader.swift */,
			);
			path = View;
			sourceTree = "<group>";
		};
		60115E1B2ADD2B440050D32C /* ViewModel */ = {
			isa = PBXGroup;
			children = (
				60115E1E2ADD2B660050D32C /* CSMemberInputVM.swift */,
				60115E2A2ADE21CB0050D32C /* CSMemberConfirmVM.swift */,
				60115E302ADE715E0050D32C /* CSMemberConfirmHeaderVM.swift */,
			);
			path = ViewModel;
			sourceTree = "<group>";
		};
		60115E202ADD2B6D0050D32C /* Cell */ = {
			isa = PBXGroup;
			children = (
				60115E212ADD2BC80050D32C /* CSMemberInputCell.swift */,
				60115E232ADD2BE20050D32C /* CSMemberInputSearchCell.swift */,
				60115E2C2ADE221D0050D32C /* CSMemberConfirmCell.swift */,
			);
			path = Cell;
			sourceTree = "<group>";
		};
		6078ACBF2ADA74AC00995811 = {
			isa = PBXGroup;
			children = (
				6078ACCA2ADA74AC00995811 /* SplitIt */,
				6078ACC92ADA74AC00995811 /* Products */,
			);
			sourceTree = "<group>";
		};
		6078ACC92ADA74AC00995811 /* Products */ = {
			isa = PBXGroup;
			children = (
				6078ACC82ADA74AC00995811 /* SplitIt.app */,
			);
			name = Products;
			sourceTree = "<group>";
		};
		6078ACCA2ADA74AC00995811 /* SplitIt */ = {
			isa = PBXGroup;
			children = (
				6078ACCB2ADA74AC00995811 /* AppDelegate.swift */,
				6078ACCD2ADA74AC00995811 /* SceneDelegate.swift */,
				1A4DB2272ADE61D400616243 /* Repository */,
				60115DFF2ADC000F0050D32C /* Models */,
				60115DF42ADBF1F80050D32C /* Resources */,
				60115DF22ADBF0DD0050D32C /* Presenter */,
				6078ACD42ADA74AD00995811 /* Assets.xcassets */,
				6078ACD62ADA74AD00995811 /* LaunchScreen.storyboard */,
				6078ACD92ADA74AD00995811 /* Info.plist */,
			);
			path = SplitIt;
			sourceTree = "<group>";
		};
		60AD20DD2ADEC0BC00EFACCD /* ExclItemCycle */ = {
			isa = PBXGroup;
			children = (
				60AD20EC2ADF7AED00EFACCD /* ExclItemMember */,
				60AD20E52ADEC88D00EFACCD /* ExclItemPrice */,
				60AD20E02ADEC10700EFACCD /* ExclItemName */,
			);
			path = ExclItemCycle;
			sourceTree = "<group>";
		};
		60AD20DE2ADEC0EB00EFACCD /* View */ = {
			isa = PBXGroup;
			children = (
				60AD20E12ADEC15000EFACCD /* ExclItemNameInputVC.swift */,
			);
			path = View;
			sourceTree = "<group>";
		};
		60AD20DF2ADEC0F100EFACCD /* ViewModel */ = {
			isa = PBXGroup;
			children = (
				60AD20E32ADEC15700EFACCD /* ExclItemNameInputVM.swift */,
			);
			path = ViewModel;
			sourceTree = "<group>";
		};
		60AD20E02ADEC10700EFACCD /* ExclItemName */ = {
			isa = PBXGroup;
			children = (
				60AD20DF2ADEC0F100EFACCD /* ViewModel */,
				60AD20DE2ADEC0EB00EFACCD /* View */,
			);
			path = ExclItemName;
			sourceTree = "<group>";
		};
		60AD20E52ADEC88D00EFACCD /* ExclItemPrice */ = {
			isa = PBXGroup;
			children = (
				60AD20E72ADEC89D00EFACCD /* ViewModel */,
				60AD20E62ADEC89700EFACCD /* View */,
			);
			path = ExclItemPrice;
			sourceTree = "<group>";
		};
		60AD20E62ADEC89700EFACCD /* View */ = {
			isa = PBXGroup;
			children = (
				60AD20E82ADEC8AD00EFACCD /* ExclItemPriceInputVC.swift */,
			);
			path = View;
			sourceTree = "<group>";
		};
		60AD20E72ADEC89D00EFACCD /* ViewModel */ = {
			isa = PBXGroup;
			children = (
				60AD20EA2ADEC8BA00EFACCD /* ExclItemPriceInputVM.swift */,
			);
			path = ViewModel;
			sourceTree = "<group>";
		};
		60AD20EC2ADF7AED00EFACCD /* ExclItemMember */ = {
			isa = PBXGroup;
			children = (
				60AD20EE2ADF809700EFACCD /* ViewModel */,
				60AD20ED2ADF809000EFACCD /* View */,
				60AD20F32ADF827400EFACCD /* ExclMemberSection.swift */,
				60AD20FA2ADF842C00EFACCD /* ExclMemberSectionHeader.swift */,
				60AD20FC2ADF846600EFACCD /* ExclMemberSectionBackground.swift */,
			);
			path = ExclItemMember;
			sourceTree = "<group>";
		};
		60AD20ED2ADF809000EFACCD /* View */ = {
			isa = PBXGroup;
			children = (
				60AD20F52ADF836A00EFACCD /* Cell */,
				60AD20EF2ADF811A00EFACCD /* ExclMemberVC.swift */,
			);
			path = View;
			sourceTree = "<group>";
		};
		60AD20EE2ADF809700EFACCD /* ViewModel */ = {
			isa = PBXGroup;
			children = (
				60AD20F12ADF812300EFACCD /* ExclMemberVM.swift */,
			);
			path = ViewModel;
			sourceTree = "<group>";
		};
		60AD20F52ADF836A00EFACCD /* Cell */ = {
			isa = PBXGroup;
			children = (
				60AD20F62ADF838300EFACCD /* ExclMemberCell.swift */,
				60AD20F82ADF83DE00EFACCD /* ExclAddCell.swift */,
			);
			path = Cell;
			sourceTree = "<group>";
		};
		DE1711BE2AE0BA750097850D /* MyInfo */ = {
			isa = PBXGroup;
			children = (
				DE1711C02AE0BA8C0097850D /* ViewModel */,
				DE1711BF2AE0BA830097850D /* View */,
				DE1711C52AE0BACE0097850D /* User.swift */,
				DE1711C72AE0BADD0097850D /* SocialPay.swift */,
				DE1711C92AE0BAEA0097850D /* UserData.swift */,
				DE1711CB2AE0BAF90097850D /* PayData.swift */,
			);
			path = MyInfo;
			sourceTree = "<group>";
		};
		DE1711BF2AE0BA830097850D /* View */ = {
			isa = PBXGroup;
			children = (
				DE1711C32AE0BAB30097850D /* MyInfoVC.swift */,
			);
			path = View;
			sourceTree = "<group>";
		};
		DE1711C02AE0BA8C0097850D /* ViewModel */ = {
			isa = PBXGroup;
			children = (
				DE1711C12AE0BA9B0097850D /* MyInfoVM.swift */,
			);
			path = ViewModel;
			sourceTree = "<group>";
		};
/* End PBXGroup section */

/* Begin PBXNativeTarget section */
		6078ACC72ADA74AC00995811 /* SplitIt */ = {
			isa = PBXNativeTarget;
			buildConfigurationList = 6078ACDC2ADA74AD00995811 /* Build configuration list for PBXNativeTarget "SplitIt" */;
			buildPhases = (
				6078ACC42ADA74AC00995811 /* Sources */,
				6078ACC52ADA74AC00995811 /* Frameworks */,
				6078ACC62ADA74AC00995811 /* Resources */,
			);
			buildRules = (
			);
			dependencies = (
			);
			name = SplitIt;
			packageProductDependencies = (
				6078ACE02ADA751D00995811 /* RxRealm */,
				6078ACE32ADA752600995811 /* Reusable */,
				6078ACE62ADA752F00995811 /* Then */,
				6078ACE92ADA753B00995811 /* SnapKit */,
				6078ACEC2ADA756900995811 /* RxCocoa */,
				6078ACEE2ADA756900995811 /* RxSwift */,
				6078ACF12ADA757E00995811 /* RxDataSources */,
				60115DFB2ADBF8860050D32C /* RxAppState */,
			);
			productName = SplitIt;
			productReference = 6078ACC82ADA74AC00995811 /* SplitIt.app */;
			productType = "com.apple.product-type.application";
		};
/* End PBXNativeTarget section */

/* Begin PBXProject section */
		6078ACC02ADA74AC00995811 /* Project object */ = {
			isa = PBXProject;
			attributes = {
				BuildIndependentTargetsInParallel = 1;
				LastSwiftUpdateCheck = 1430;
				LastUpgradeCheck = 1430;
				TargetAttributes = {
					6078ACC72ADA74AC00995811 = {
						CreatedOnToolsVersion = 14.3.1;
					};
				};
			};
			buildConfigurationList = 6078ACC32ADA74AC00995811 /* Build configuration list for PBXProject "SplitIt" */;
			compatibilityVersion = "Xcode 14.0";
			developmentRegion = en;
			hasScannedForEncodings = 0;
			knownRegions = (
				en,
				Base,
			);
			mainGroup = 6078ACBF2ADA74AC00995811;
			packageReferences = (
				6078ACDF2ADA751D00995811 /* XCRemoteSwiftPackageReference "RxRealm" */,
				6078ACE22ADA752600995811 /* XCRemoteSwiftPackageReference "Reusable" */,
				6078ACE52ADA752F00995811 /* XCRemoteSwiftPackageReference "Then" */,
				6078ACE82ADA753B00995811 /* XCRemoteSwiftPackageReference "SnapKit" */,
				6078ACEB2ADA756900995811 /* XCRemoteSwiftPackageReference "RxSwift" */,
				6078ACF02ADA757E00995811 /* XCRemoteSwiftPackageReference "RxDataSources" */,
				60115DFA2ADBF8860050D32C /* XCRemoteSwiftPackageReference "RxAppState" */,
			);
			productRefGroup = 6078ACC92ADA74AC00995811 /* Products */;
			projectDirPath = "";
			projectRoot = "";
			targets = (
				6078ACC72ADA74AC00995811 /* SplitIt */,
			);
		};
/* End PBXProject section */

/* Begin PBXResourcesBuildPhase section */
		6078ACC62ADA74AC00995811 /* Resources */ = {
			isa = PBXResourcesBuildPhase;
			buildActionMask = 2147483647;
			files = (
				6078ACD82ADA74AD00995811 /* LaunchScreen.storyboard in Resources */,
				6078ACD52ADA74AD00995811 /* Assets.xcassets in Resources */,
			);
			runOnlyForDeploymentPostprocessing = 0;
		};
/* End PBXResourcesBuildPhase section */

/* Begin PBXSourcesBuildPhase section */
		6078ACC42ADA74AC00995811 /* Sources */ = {
			isa = PBXSourcesBuildPhase;
			buildActionMask = 2147483647;
			files = (
				60115E292ADE21C40050D32C /* CSMemberConfirmVC.swift in Sources */,
				60115E222ADD2BC80050D32C /* CSMemberInputCell.swift in Sources */,
				DE1711C42AE0BAB30097850D /* MyInfoVC.swift in Sources */,
				60115E242ADD2BE20050D32C /* CSMemberInputSearchCell.swift in Sources */,
				60115E122ADC19D40050D32C /* NavigationHeader.swift in Sources */,
				60AD20E42ADEC15700EFACCD /* ExclItemNameInputVM.swift in Sources */,
				60115E182ADD19CD0050D32C /* NumberFormatterHelper.swift in Sources */,
				60115E2D2ADE221D0050D32C /* CSMemberConfirmCell.swift in Sources */,
				1A4DB2532ADEB24F00616243 /* MemberLog.swift in Sources */,
				60115E162ADCDB840050D32C /* CSTotalAmountInputVM.swift in Sources */,
				60115E312ADE715E0050D32C /* CSMemberConfirmHeaderVM.swift in Sources */,
				60115E2F2ADE3EDA0050D32C /* CSMemberConfirmHeader.swift in Sources */,
				60115E142ADCDB570050D32C /* CSTotalAmountInputVC.swift in Sources */,
				60AD20F22ADF812300EFACCD /* ExclMemberVM.swift in Sources */,
				60AD20E22ADEC15000EFACCD /* ExclItemNameInputVC.swift in Sources */,
				1A3853052ADE5B7B00E9A20B /* RealmExclItem.swift in Sources */,
				6078ACD02ADA74AC00995811 /* HomeVC.swift in Sources */,
				60115DF72ADBF2980050D32C /* UIColor+.swift in Sources */,
				1A3852F92ADE5AC200E9A20B /* CSMember.swift in Sources */,
				60115E102ADC195C0050D32C /* CreateStore.swift in Sources */,
				1A3852F72ADE5AB200E9A20B /* CSInfo.swift in Sources */,
				60115E1F2ADD2B660050D32C /* CSMemberInputVM.swift in Sources */,
				60AD20E92ADEC8AD00EFACCD /* ExclItemPriceInputVC.swift in Sources */,
				6078ACCC2ADA74AC00995811 /* AppDelegate.swift in Sources */,
				60AD20F42ADF827400EFACCD /* ExclMemberSection.swift in Sources */,
				1A4DB2292ADE61E800616243 /* RealmManager.swift in Sources */,
				1A3853032ADE5B4500E9A20B /* RealmCSMember.swift in Sources */,
				1A3853012ADE5B3100E9A20B /* RealmCSInfo.swift in Sources */,
				60115E012ADC01150050D32C /* UITextField+.swift in Sources */,
				60115E2B2ADE21CB0050D32C /* CSMemberConfirmVM.swift in Sources */,
				1A3853072ADE5B9D00E9A20B /* RealmExclMember.swift in Sources */,
				DE1711C82AE0BADD0097850D /* SocialPay.swift in Sources */,
				60AD20FB2ADF842C00EFACCD /* ExclMemberSectionHeader.swift in Sources */,
				60115DF92ADBF2E10050D32C /* HomeVM.swift in Sources */,
				60AD20F92ADF83DE00EFACCD /* ExclAddCell.swift in Sources */,
				60115E0E2ADC19250050D32C /* CSTitleInputVM.swift in Sources */,
				1A3852FF2ADE5B1B00E9A20B /* RealmSplit.swift in Sources */,
				60115E0C2ADC18F90050D32C /* CSTitleInputVC.swift in Sources */,
				1A3852F52ADE5A9F00E9A20B /* Split.swift in Sources */,
				DE1711C22AE0BA9B0097850D /* MyInfoVM.swift in Sources */,
				1A3852FB2ADE5ADA00E9A20B /* ExclItem.swift in Sources */,
				DE1711CA2AE0BAEA0097850D /* UserData.swift in Sources */,
				60115E262ADD2CB00050D32C /* CSMemberInputSearchFooter.swift in Sources */,
				DE1711C62AE0BACE0097850D /* User.swift in Sources */,
				6078ACCE2ADA74AC00995811 /* SceneDelegate.swift in Sources */,
				60AD20F02ADF811A00EFACCD /* ExclMemberVC.swift in Sources */,
				60115E1D2ADD2B5E0050D32C /* CSMemberInputVC.swift in Sources */,
				1A4DB2512ADEB24300616243 /* RealmMemberLog.swift in Sources */,
				DE1711CC2AE0BAF90097850D /* PayData.swift in Sources */,
				1A4DB22B2ADE68E400616243 /* SplitRepository.swift in Sources */,
				1A3852FD2ADE5B0100E9A20B /* ExclMember.swift in Sources */,
				60AD20EB2ADEC8BA00EFACCD /* ExclItemPriceInputVM.swift in Sources */,
				60AD20F72ADF838300EFACCD /* ExclMemberCell.swift in Sources */,
				60AD20FD2ADF846600EFACCD /* ExclMemberSectionBackground.swift in Sources */,
			);
			runOnlyForDeploymentPostprocessing = 0;
		};
/* End PBXSourcesBuildPhase section */

/* Begin PBXVariantGroup section */
		6078ACD62ADA74AD00995811 /* LaunchScreen.storyboard */ = {
			isa = PBXVariantGroup;
			children = (
				6078ACD72ADA74AD00995811 /* Base */,
			);
			name = LaunchScreen.storyboard;
			sourceTree = "<group>";
		};
/* End PBXVariantGroup section */

/* Begin XCBuildConfiguration section */
		6078ACDA2ADA74AD00995811 /* Debug */ = {
			isa = XCBuildConfiguration;
			buildSettings = {
				ALWAYS_SEARCH_USER_PATHS = NO;
				CLANG_ANALYZER_NONNULL = YES;
				CLANG_ANALYZER_NUMBER_OBJECT_CONVERSION = YES_AGGRESSIVE;
				CLANG_CXX_LANGUAGE_STANDARD = "gnu++20";
				CLANG_ENABLE_MODULES = YES;
				CLANG_ENABLE_OBJC_ARC = YES;
				CLANG_ENABLE_OBJC_WEAK = YES;
				CLANG_WARN_BLOCK_CAPTURE_AUTORELEASING = YES;
				CLANG_WARN_BOOL_CONVERSION = YES;
				CLANG_WARN_COMMA = YES;
				CLANG_WARN_CONSTANT_CONVERSION = YES;
				CLANG_WARN_DEPRECATED_OBJC_IMPLEMENTATIONS = YES;
				CLANG_WARN_DIRECT_OBJC_ISA_USAGE = YES_ERROR;
				CLANG_WARN_DOCUMENTATION_COMMENTS = YES;
				CLANG_WARN_EMPTY_BODY = YES;
				CLANG_WARN_ENUM_CONVERSION = YES;
				CLANG_WARN_INFINITE_RECURSION = YES;
				CLANG_WARN_INT_CONVERSION = YES;
				CLANG_WARN_NON_LITERAL_NULL_CONVERSION = YES;
				CLANG_WARN_OBJC_IMPLICIT_RETAIN_SELF = YES;
				CLANG_WARN_OBJC_LITERAL_CONVERSION = YES;
				CLANG_WARN_OBJC_ROOT_CLASS = YES_ERROR;
				CLANG_WARN_QUOTED_INCLUDE_IN_FRAMEWORK_HEADER = YES;
				CLANG_WARN_RANGE_LOOP_ANALYSIS = YES;
				CLANG_WARN_STRICT_PROTOTYPES = YES;
				CLANG_WARN_SUSPICIOUS_MOVE = YES;
				CLANG_WARN_UNGUARDED_AVAILABILITY = YES_AGGRESSIVE;
				CLANG_WARN_UNREACHABLE_CODE = YES;
				CLANG_WARN__DUPLICATE_METHOD_MATCH = YES;
				COPY_PHASE_STRIP = NO;
				DEBUG_INFORMATION_FORMAT = dwarf;
				ENABLE_STRICT_OBJC_MSGSEND = YES;
				ENABLE_TESTABILITY = YES;
				GCC_C_LANGUAGE_STANDARD = gnu11;
				GCC_DYNAMIC_NO_PIC = NO;
				GCC_NO_COMMON_BLOCKS = YES;
				GCC_OPTIMIZATION_LEVEL = 0;
				GCC_PREPROCESSOR_DEFINITIONS = (
					"DEBUG=1",
					"$(inherited)",
				);
				GCC_WARN_64_TO_32_BIT_CONVERSION = YES;
				GCC_WARN_ABOUT_RETURN_TYPE = YES_ERROR;
				GCC_WARN_UNDECLARED_SELECTOR = YES;
				GCC_WARN_UNINITIALIZED_AUTOS = YES_AGGRESSIVE;
				GCC_WARN_UNUSED_FUNCTION = YES;
				GCC_WARN_UNUSED_VARIABLE = YES;
				IPHONEOS_DEPLOYMENT_TARGET = 16.4;
				MTL_ENABLE_DEBUG_INFO = INCLUDE_SOURCE;
				MTL_FAST_MATH = YES;
				ONLY_ACTIVE_ARCH = YES;
				SDKROOT = iphoneos;
				SWIFT_ACTIVE_COMPILATION_CONDITIONS = DEBUG;
				SWIFT_OPTIMIZATION_LEVEL = "-Onone";
			};
			name = Debug;
		};
		6078ACDB2ADA74AD00995811 /* Release */ = {
			isa = XCBuildConfiguration;
			buildSettings = {
				ALWAYS_SEARCH_USER_PATHS = NO;
				CLANG_ANALYZER_NONNULL = YES;
				CLANG_ANALYZER_NUMBER_OBJECT_CONVERSION = YES_AGGRESSIVE;
				CLANG_CXX_LANGUAGE_STANDARD = "gnu++20";
				CLANG_ENABLE_MODULES = YES;
				CLANG_ENABLE_OBJC_ARC = YES;
				CLANG_ENABLE_OBJC_WEAK = YES;
				CLANG_WARN_BLOCK_CAPTURE_AUTORELEASING = YES;
				CLANG_WARN_BOOL_CONVERSION = YES;
				CLANG_WARN_COMMA = YES;
				CLANG_WARN_CONSTANT_CONVERSION = YES;
				CLANG_WARN_DEPRECATED_OBJC_IMPLEMENTATIONS = YES;
				CLANG_WARN_DIRECT_OBJC_ISA_USAGE = YES_ERROR;
				CLANG_WARN_DOCUMENTATION_COMMENTS = YES;
				CLANG_WARN_EMPTY_BODY = YES;
				CLANG_WARN_ENUM_CONVERSION = YES;
				CLANG_WARN_INFINITE_RECURSION = YES;
				CLANG_WARN_INT_CONVERSION = YES;
				CLANG_WARN_NON_LITERAL_NULL_CONVERSION = YES;
				CLANG_WARN_OBJC_IMPLICIT_RETAIN_SELF = YES;
				CLANG_WARN_OBJC_LITERAL_CONVERSION = YES;
				CLANG_WARN_OBJC_ROOT_CLASS = YES_ERROR;
				CLANG_WARN_QUOTED_INCLUDE_IN_FRAMEWORK_HEADER = YES;
				CLANG_WARN_RANGE_LOOP_ANALYSIS = YES;
				CLANG_WARN_STRICT_PROTOTYPES = YES;
				CLANG_WARN_SUSPICIOUS_MOVE = YES;
				CLANG_WARN_UNGUARDED_AVAILABILITY = YES_AGGRESSIVE;
				CLANG_WARN_UNREACHABLE_CODE = YES;
				CLANG_WARN__DUPLICATE_METHOD_MATCH = YES;
				COPY_PHASE_STRIP = NO;
				DEBUG_INFORMATION_FORMAT = "dwarf-with-dsym";
				ENABLE_NS_ASSERTIONS = NO;
				ENABLE_STRICT_OBJC_MSGSEND = YES;
				GCC_C_LANGUAGE_STANDARD = gnu11;
				GCC_NO_COMMON_BLOCKS = YES;
				GCC_WARN_64_TO_32_BIT_CONVERSION = YES;
				GCC_WARN_ABOUT_RETURN_TYPE = YES_ERROR;
				GCC_WARN_UNDECLARED_SELECTOR = YES;
				GCC_WARN_UNINITIALIZED_AUTOS = YES_AGGRESSIVE;
				GCC_WARN_UNUSED_FUNCTION = YES;
				GCC_WARN_UNUSED_VARIABLE = YES;
				IPHONEOS_DEPLOYMENT_TARGET = 16.4;
				MTL_ENABLE_DEBUG_INFO = NO;
				MTL_FAST_MATH = YES;
				SDKROOT = iphoneos;
				SWIFT_COMPILATION_MODE = wholemodule;
				SWIFT_OPTIMIZATION_LEVEL = "-O";
				VALIDATE_PRODUCT = YES;
			};
			name = Release;
		};
		6078ACDD2ADA74AD00995811 /* Debug */ = {
			isa = XCBuildConfiguration;
			buildSettings = {
				ASSETCATALOG_COMPILER_APPICON_NAME = AppIcon;
				ASSETCATALOG_COMPILER_GLOBAL_ACCENT_COLOR_NAME = AccentColor;
				CODE_SIGN_STYLE = Automatic;
				CURRENT_PROJECT_VERSION = 1;
				DEVELOPMENT_TEAM = 3NP4Z3WZ94;
				GENERATE_INFOPLIST_FILE = YES;
				INFOPLIST_FILE = SplitIt/Info.plist;
				INFOPLIST_KEY_UIApplicationSupportsIndirectInputEvents = YES;
				INFOPLIST_KEY_UILaunchStoryboardName = LaunchScreen;
				INFOPLIST_KEY_UISupportedInterfaceOrientations_iPad = "UIInterfaceOrientationPortrait UIInterfaceOrientationPortraitUpsideDown UIInterfaceOrientationLandscapeLeft UIInterfaceOrientationLandscapeRight";
				INFOPLIST_KEY_UISupportedInterfaceOrientations_iPhone = "UIInterfaceOrientationPortrait UIInterfaceOrientationLandscapeLeft UIInterfaceOrientationLandscapeRight";
				LD_RUNPATH_SEARCH_PATHS = (
					"$(inherited)",
					"@executable_path/Frameworks",
				);
				MARKETING_VERSION = 1.0;
				PRODUCT_BUNDLE_IDENTIFIER = com.seuhong.SplitIt;
				PRODUCT_NAME = "$(TARGET_NAME)";
				SWIFT_EMIT_LOC_STRINGS = YES;
				SWIFT_VERSION = 5.0;
				TARGETED_DEVICE_FAMILY = "1,2";
			};
			name = Debug;
		};
		6078ACDE2ADA74AD00995811 /* Release */ = {
			isa = XCBuildConfiguration;
			buildSettings = {
				ASSETCATALOG_COMPILER_APPICON_NAME = AppIcon;
				ASSETCATALOG_COMPILER_GLOBAL_ACCENT_COLOR_NAME = AccentColor;
				CODE_SIGN_STYLE = Automatic;
				CURRENT_PROJECT_VERSION = 1;
				DEVELOPMENT_TEAM = 3NP4Z3WZ94;
				GENERATE_INFOPLIST_FILE = YES;
				INFOPLIST_FILE = SplitIt/Info.plist;
				INFOPLIST_KEY_UIApplicationSupportsIndirectInputEvents = YES;
				INFOPLIST_KEY_UILaunchStoryboardName = LaunchScreen;
				INFOPLIST_KEY_UISupportedInterfaceOrientations_iPad = "UIInterfaceOrientationPortrait UIInterfaceOrientationPortraitUpsideDown UIInterfaceOrientationLandscapeLeft UIInterfaceOrientationLandscapeRight";
				INFOPLIST_KEY_UISupportedInterfaceOrientations_iPhone = "UIInterfaceOrientationPortrait UIInterfaceOrientationLandscapeLeft UIInterfaceOrientationLandscapeRight";
				LD_RUNPATH_SEARCH_PATHS = (
					"$(inherited)",
					"@executable_path/Frameworks",
				);
				MARKETING_VERSION = 1.0;
				PRODUCT_BUNDLE_IDENTIFIER = com.seuhong.SplitIt;
				PRODUCT_NAME = "$(TARGET_NAME)";
				SWIFT_EMIT_LOC_STRINGS = YES;
				SWIFT_VERSION = 5.0;
				TARGETED_DEVICE_FAMILY = "1,2";
			};
			name = Release;
		};
/* End XCBuildConfiguration section */

/* Begin XCConfigurationList section */
		6078ACC32ADA74AC00995811 /* Build configuration list for PBXProject "SplitIt" */ = {
			isa = XCConfigurationList;
			buildConfigurations = (
				6078ACDA2ADA74AD00995811 /* Debug */,
				6078ACDB2ADA74AD00995811 /* Release */,
			);
			defaultConfigurationIsVisible = 0;
			defaultConfigurationName = Release;
		};
		6078ACDC2ADA74AD00995811 /* Build configuration list for PBXNativeTarget "SplitIt" */ = {
			isa = XCConfigurationList;
			buildConfigurations = (
				6078ACDD2ADA74AD00995811 /* Debug */,
				6078ACDE2ADA74AD00995811 /* Release */,
			);
			defaultConfigurationIsVisible = 0;
			defaultConfigurationName = Release;
		};
/* End XCConfigurationList section */

/* Begin XCRemoteSwiftPackageReference section */
		60115DFA2ADBF8860050D32C /* XCRemoteSwiftPackageReference "RxAppState" */ = {
			isa = XCRemoteSwiftPackageReference;
			repositoryURL = "https://github.com/pixeldock/RxAppState";
			requirement = {
				kind = upToNextMajorVersion;
				minimumVersion = 1.0.0;
			};
		};
		6078ACDF2ADA751D00995811 /* XCRemoteSwiftPackageReference "RxRealm" */ = {
			isa = XCRemoteSwiftPackageReference;
			repositoryURL = "https://github.com/RxSwiftCommunity/RxRealm";
			requirement = {
				branch = main;
				kind = branch;
			};
		};
		6078ACE22ADA752600995811 /* XCRemoteSwiftPackageReference "Reusable" */ = {
			isa = XCRemoteSwiftPackageReference;
			repositoryURL = "https://github.com/AliSoftware/Reusable";
			requirement = {
				kind = upToNextMajorVersion;
				minimumVersion = 4.0.0;
			};
		};
		6078ACE52ADA752F00995811 /* XCRemoteSwiftPackageReference "Then" */ = {
			isa = XCRemoteSwiftPackageReference;
			repositoryURL = "https://github.com/devxoul/Then";
			requirement = {
				kind = upToNextMajorVersion;
				minimumVersion = 3.0.0;
			};
		};
		6078ACE82ADA753B00995811 /* XCRemoteSwiftPackageReference "SnapKit" */ = {
			isa = XCRemoteSwiftPackageReference;
			repositoryURL = "https://github.com/SnapKit/SnapKit";
			requirement = {
				kind = upToNextMajorVersion;
				minimumVersion = 5.0.0;
			};
		};
		6078ACEB2ADA756900995811 /* XCRemoteSwiftPackageReference "RxSwift" */ = {
			isa = XCRemoteSwiftPackageReference;
			repositoryURL = "https://github.com/ReactiveX/RxSwift";
			requirement = {
				kind = upToNextMajorVersion;
				minimumVersion = 6.0.0;
			};
		};
		6078ACF02ADA757E00995811 /* XCRemoteSwiftPackageReference "RxDataSources" */ = {
			isa = XCRemoteSwiftPackageReference;
			repositoryURL = "https://github.com/RxSwiftCommunity/RxDataSources";
			requirement = {
				kind = upToNextMajorVersion;
				minimumVersion = 5.0.0;
			};
		};
/* End XCRemoteSwiftPackageReference section */

/* Begin XCSwiftPackageProductDependency section */
		60115DFB2ADBF8860050D32C /* RxAppState */ = {
			isa = XCSwiftPackageProductDependency;
			package = 60115DFA2ADBF8860050D32C /* XCRemoteSwiftPackageReference "RxAppState" */;
			productName = RxAppState;
		};
		6078ACE02ADA751D00995811 /* RxRealm */ = {
			isa = XCSwiftPackageProductDependency;
			package = 6078ACDF2ADA751D00995811 /* XCRemoteSwiftPackageReference "RxRealm" */;
			productName = RxRealm;
		};
		6078ACE32ADA752600995811 /* Reusable */ = {
			isa = XCSwiftPackageProductDependency;
			package = 6078ACE22ADA752600995811 /* XCRemoteSwiftPackageReference "Reusable" */;
			productName = Reusable;
		};
		6078ACE62ADA752F00995811 /* Then */ = {
			isa = XCSwiftPackageProductDependency;
			package = 6078ACE52ADA752F00995811 /* XCRemoteSwiftPackageReference "Then" */;
			productName = Then;
		};
		6078ACE92ADA753B00995811 /* SnapKit */ = {
			isa = XCSwiftPackageProductDependency;
			package = 6078ACE82ADA753B00995811 /* XCRemoteSwiftPackageReference "SnapKit" */;
			productName = SnapKit;
		};
		6078ACEC2ADA756900995811 /* RxCocoa */ = {
			isa = XCSwiftPackageProductDependency;
			package = 6078ACEB2ADA756900995811 /* XCRemoteSwiftPackageReference "RxSwift" */;
			productName = RxCocoa;
		};
		6078ACEE2ADA756900995811 /* RxSwift */ = {
			isa = XCSwiftPackageProductDependency;
			package = 6078ACEB2ADA756900995811 /* XCRemoteSwiftPackageReference "RxSwift" */;
			productName = RxSwift;
		};
		6078ACF12ADA757E00995811 /* RxDataSources */ = {
			isa = XCSwiftPackageProductDependency;
			package = 6078ACF02ADA757E00995811 /* XCRemoteSwiftPackageReference "RxDataSources" */;
			productName = RxDataSources;
		};
/* End XCSwiftPackageProductDependency section */
	};
	rootObject = 6078ACC02ADA74AC00995811 /* Project object */;
}
