// !$*UTF8*$!
{
	archiveVersion = 1;
	classes = {
	};
	objectVersion = 56;
	objects = {

/* Begin PBXBuildFile section */
		1A07DF0B2AE569660081E543 /* UIButton+.swift in Sources */ = {isa = PBXBuildFile; fileRef = 1A07DF0A2AE569660081E543 /* UIButton+.swift */; };
		1A1ACC4D2AF3CAF6004AC4CD /* SplitShareSectionFooter.swift in Sources */ = {isa = PBXBuildFile; fileRef = 1A1ACC4C2AF3CAF6004AC4CD /* SplitShareSectionFooter.swift */; };
		1A1ACC532AF672F3004AC4CD /* SnapshotKit in Frameworks */ = {isa = PBXBuildFile; productRef = 1A1ACC522AF672F3004AC4CD /* SnapshotKit */; };
		1A2DCC452AF771C600FB2FE2 /* HapticManager.swift in Sources */ = {isa = PBXBuildFile; fileRef = 1A2DCC442AF771C600FB2FE2 /* HapticManager.swift */; };
		1A3852F52ADE5A9F00E9A20B /* Split.swift in Sources */ = {isa = PBXBuildFile; fileRef = 1A3852F42ADE5A9F00E9A20B /* Split.swift */; };
		1A3852F72ADE5AB200E9A20B /* CSInfo.swift in Sources */ = {isa = PBXBuildFile; fileRef = 1A3852F62ADE5AB200E9A20B /* CSInfo.swift */; };
		1A3852F92ADE5AC200E9A20B /* CSMember.swift in Sources */ = {isa = PBXBuildFile; fileRef = 1A3852F82ADE5AC200E9A20B /* CSMember.swift */; };
		1A3852FB2ADE5ADA00E9A20B /* ExclItem.swift in Sources */ = {isa = PBXBuildFile; fileRef = 1A3852FA2ADE5ADA00E9A20B /* ExclItem.swift */; };
		1A3852FD2ADE5B0100E9A20B /* ExclMember.swift in Sources */ = {isa = PBXBuildFile; fileRef = 1A3852FC2ADE5B0100E9A20B /* ExclMember.swift */; };
		1A4DB2292ADE61E800616243 /* RealmManager.swift in Sources */ = {isa = PBXBuildFile; fileRef = 1A4DB2282ADE61E800616243 /* RealmManager.swift */; };
		1A4DB22B2ADE68E400616243 /* SplitRepository.swift in Sources */ = {isa = PBXBuildFile; fileRef = 1A4DB22A2ADE68E400616243 /* SplitRepository.swift */; };
		1A4DB2532ADEB24F00616243 /* MemberLog.swift in Sources */ = {isa = PBXBuildFile; fileRef = 1A4DB2522ADEB24F00616243 /* MemberLog.swift */; };
		1A7845062AFD1AB100E38403 /* RealmSwift in Frameworks */ = {isa = PBXBuildFile; productRef = 1A7845052AFD1AB100E38403 /* RealmSwift */; };
		1A78450B2AFD28F300E38403 /* CSMemberVM.swift in Sources */ = {isa = PBXBuildFile; fileRef = 1A78450A2AFD28F300E38403 /* CSMemberVM.swift */; };
		1A78450D2AFD291C00E38403 /* CSMemberVC.swift in Sources */ = {isa = PBXBuildFile; fileRef = 1A78450C2AFD291C00E38403 /* CSMemberVC.swift */; };
		1A7845102AFD299000E38403 /* CSMemberSearchCell.swift in Sources */ = {isa = PBXBuildFile; fileRef = 1A78450F2AFD299000E38403 /* CSMemberSearchCell.swift */; };
		1A7845122AFD299D00E38403 /* CSMemberSelectedCell.swift in Sources */ = {isa = PBXBuildFile; fileRef = 1A7845112AFD299D00E38403 /* CSMemberSelectedCell.swift */; };
		1A7845142AFD29BE00E38403 /* CSMemberEmptyBackGroundView.swift in Sources */ = {isa = PBXBuildFile; fileRef = 1A7845132AFD29BE00E38403 /* CSMemberEmptyBackGroundView.swift */; };
		1A8B05DC2AF0E15A00CF5BC5 /* SPNavigationBar.swift in Sources */ = {isa = PBXBuildFile; fileRef = 1A8B05DB2AF0E15A00CF5BC5 /* SPNavigationBar.swift */; };
		1A8B05E12AF1466300CF5BC5 /* SplitMethodSelectVC.swift in Sources */ = {isa = PBXBuildFile; fileRef = 1A8B05E02AF1466300CF5BC5 /* SplitMethodSelectVC.swift */; };
		1A8B05E32AF1540A00CF5BC5 /* SplitMethodSelectVM.swift in Sources */ = {isa = PBXBuildFile; fileRef = 1A8B05E22AF1540A00CF5BC5 /* SplitMethodSelectVM.swift */; };
		1AC4115F2B020D03008A45BC /* Toast in Frameworks */ = {isa = PBXBuildFile; productRef = 1AC4115E2B020D03008A45BC /* Toast */; };
		1AC411632B0231BD008A45BC /* SPPopUp.swift in Sources */ = {isa = PBXBuildFile; fileRef = 1AC411622B0231BD008A45BC /* SPPopUp.swift */; };
		1AC4116A2B028A88008A45BC /* RMSplit.swift in Sources */ = {isa = PBXBuildFile; fileRef = 1AC411692B028A88008A45BC /* RMSplit.swift */; };
		1AC4116C2B028A92008A45BC /* RMCSInfo.swift in Sources */ = {isa = PBXBuildFile; fileRef = 1AC4116B2B028A92008A45BC /* RMCSInfo.swift */; };
		1AC4116E2B028A9B008A45BC /* RMCSMember.swift in Sources */ = {isa = PBXBuildFile; fileRef = 1AC4116D2B028A9B008A45BC /* RMCSMember.swift */; };
		1AC411702B028AA9008A45BC /* RMExclItem.swift in Sources */ = {isa = PBXBuildFile; fileRef = 1AC4116F2B028AA9008A45BC /* RMExclItem.swift */; };
		1AC411722B028AB5008A45BC /* RMExclMember.swift in Sources */ = {isa = PBXBuildFile; fileRef = 1AC411712B028AB5008A45BC /* RMExclMember.swift */; };
		1AC411742B028AC2008A45BC /* RMMemberLog.swift in Sources */ = {isa = PBXBuildFile; fileRef = 1AC411732B028AC2008A45BC /* RMMemberLog.swift */; };
		1AC411772B028B78008A45BC /* LocalConvertibleType.swift in Sources */ = {isa = PBXBuildFile; fileRef = 1AC411762B028B78008A45BC /* LocalConvertibleType.swift */; };
		1AC411792B028B8B008A45BC /* RealmRepresentable.swift in Sources */ = {isa = PBXBuildFile; fileRef = 1AC411782B028B8B008A45BC /* RealmRepresentable.swift */; };
		1AC4117C2B028D7C008A45BC /* Realm+.swift in Sources */ = {isa = PBXBuildFile; fileRef = 1AC4117B2B028D7C008A45BC /* Realm+.swift */; };
		60104CE52AEFF6F700489AAD /* ExclItemInfoModalCell.swift in Sources */ = {isa = PBXBuildFile; fileRef = 60104CE42AEFF6F700489AAD /* ExclItemInfoModalCell.swift */; };
		60104CE72AEFF70D00489AAD /* ExclItemInfoDeactiveModalCell.swift in Sources */ = {isa = PBXBuildFile; fileRef = 60104CE62AEFF70D00489AAD /* ExclItemInfoDeactiveModalCell.swift */; };
		60104CE92AEFF73800489AAD /* ExclItemInfoModalSection.swift in Sources */ = {isa = PBXBuildFile; fileRef = 60104CE82AEFF73800489AAD /* ExclItemInfoModalSection.swift */; };
		60115DF72ADBF2980050D32C /* UIColor+.swift in Sources */ = {isa = PBXBuildFile; fileRef = 60115DF62ADBF2980050D32C /* UIColor+.swift */; };
		60115DF92ADBF2E10050D32C /* HomeVM.swift in Sources */ = {isa = PBXBuildFile; fileRef = 60115DF82ADBF2E10050D32C /* HomeVM.swift */; };
		60115DFC2ADBF8860050D32C /* RxAppState in Frameworks */ = {isa = PBXBuildFile; productRef = 60115DFB2ADBF8860050D32C /* RxAppState */; };
		60115E012ADC01150050D32C /* UITextField+.swift in Sources */ = {isa = PBXBuildFile; fileRef = 60115E002ADC01150050D32C /* UITextField+.swift */; };
		60115E182ADD19CD0050D32C /* NumberFormatterHelper.swift in Sources */ = {isa = PBXBuildFile; fileRef = 60115E172ADD19CD0050D32C /* NumberFormatterHelper.swift */; };
		6032DCE42AECE4B3004A6BFA /* CSInfoVC.swift in Sources */ = {isa = PBXBuildFile; fileRef = 6032DCE32AECE4B3004A6BFA /* CSInfoVC.swift */; };
		6032DCE62AECE4BC004A6BFA /* CSInfoVM.swift in Sources */ = {isa = PBXBuildFile; fileRef = 6032DCE52AECE4BC004A6BFA /* CSInfoVM.swift */; };
		6032DCEF2AEE5452004A6BFA /* ExclItemInputVC.swift in Sources */ = {isa = PBXBuildFile; fileRef = 6032DCEE2AEE5452004A6BFA /* ExclItemInputVC.swift */; };
		6032DCF12AEE6FFC004A6BFA /* ExclItemInputVM.swift in Sources */ = {isa = PBXBuildFile; fileRef = 6032DCF02AEE6FFC004A6BFA /* ExclItemInputVM.swift */; };
		6032DCF62AEE8126004A6BFA /* ExclItemCell.swift in Sources */ = {isa = PBXBuildFile; fileRef = 6032DCF52AEE8126004A6BFA /* ExclItemCell.swift */; };
		6032DCFA2AEF5F68004A6BFA /* ExclItemInfoAddModalVC.swift in Sources */ = {isa = PBXBuildFile; fileRef = 6032DCF92AEF5F68004A6BFA /* ExclItemInfoAddModalVC.swift */; };
		6032DCFC2AEF5FBE004A6BFA /* ExclItemInfoAddModalVM.swift in Sources */ = {isa = PBXBuildFile; fileRef = 6032DCFB2AEF5FBE004A6BFA /* ExclItemInfoAddModalVM.swift */; };
		604B5FBF2B035D6D00EDD5DA /* RxGesture in Frameworks */ = {isa = PBXBuildFile; productRef = 604B5FBE2B035D6D00EDD5DA /* RxGesture */; };
		604CDC7B2AF14A8200416454 /* ExclItemInputEmptyView.swift in Sources */ = {isa = PBXBuildFile; fileRef = 604CDC7A2AF14A8100416454 /* ExclItemInputEmptyView.swift */; };
		604CDC7D2AF1522C00416454 /* ExclItemInfoEditModalVC.swift in Sources */ = {isa = PBXBuildFile; fileRef = 604CDC7C2AF1522C00416454 /* ExclItemInfoEditModalVC.swift */; };
		604CDC7F2AF1527500416454 /* ExclItemInfoEditModalVM.swift in Sources */ = {isa = PBXBuildFile; fileRef = 604CDC7E2AF1527500416454 /* ExclItemInfoEditModalVM.swift */; };
		604CDC862AF2396300416454 /* ExcltemInfoModalAlertVC.swift in Sources */ = {isa = PBXBuildFile; fileRef = 604CDC852AF2396300416454 /* ExcltemInfoModalAlertVC.swift */; };
		6078ACCC2ADA74AC00995811 /* AppDelegate.swift in Sources */ = {isa = PBXBuildFile; fileRef = 6078ACCB2ADA74AC00995811 /* AppDelegate.swift */; };
		6078ACCE2ADA74AC00995811 /* SceneDelegate.swift in Sources */ = {isa = PBXBuildFile; fileRef = 6078ACCD2ADA74AC00995811 /* SceneDelegate.swift */; };
		6078ACD02ADA74AC00995811 /* HomeVC.swift in Sources */ = {isa = PBXBuildFile; fileRef = 6078ACCF2ADA74AC00995811 /* HomeVC.swift */; };
		6078ACD52ADA74AD00995811 /* Assets.xcassets in Resources */ = {isa = PBXBuildFile; fileRef = 6078ACD42ADA74AD00995811 /* Assets.xcassets */; };
		6078ACD82ADA74AD00995811 /* LaunchScreen.storyboard in Resources */ = {isa = PBXBuildFile; fileRef = 6078ACD62ADA74AD00995811 /* LaunchScreen.storyboard */; };
		6078ACE12ADA751D00995811 /* RxRealm in Frameworks */ = {isa = PBXBuildFile; productRef = 6078ACE02ADA751D00995811 /* RxRealm */; };
		6078ACE42ADA752600995811 /* Reusable in Frameworks */ = {isa = PBXBuildFile; productRef = 6078ACE32ADA752600995811 /* Reusable */; };
		6078ACE72ADA752F00995811 /* Then in Frameworks */ = {isa = PBXBuildFile; productRef = 6078ACE62ADA752F00995811 /* Then */; };
		6078ACEA2ADA753B00995811 /* SnapKit in Frameworks */ = {isa = PBXBuildFile; productRef = 6078ACE92ADA753B00995811 /* SnapKit */; };
		6078ACED2ADA756900995811 /* RxCocoa in Frameworks */ = {isa = PBXBuildFile; productRef = 6078ACEC2ADA756900995811 /* RxCocoa */; };
		6078ACEF2ADA756900995811 /* RxSwift in Frameworks */ = {isa = PBXBuildFile; productRef = 6078ACEE2ADA756900995811 /* RxSwift */; };
		6078ACF22ADA757E00995811 /* RxDataSources in Frameworks */ = {isa = PBXBuildFile; productRef = 6078ACF12ADA757E00995811 /* RxDataSources */; };
		607ED87E2AF0D06F00A82349 /* ExclItemInfo.swift in Sources */ = {isa = PBXBuildFile; fileRef = 607ED87D2AF0D06F00A82349 /* ExclItemInfo.swift */; };
		60990AEC2B01F24100202319 /* MemberCheck.swift in Sources */ = {isa = PBXBuildFile; fileRef = 60990AEB2B01F24100202319 /* MemberCheck.swift */; };
		60AE3EAA2AE6562E009D9D18 /* DateFormatterHelper.swift in Sources */ = {isa = PBXBuildFile; fileRef = 60AE3EA92AE6562E009D9D18 /* DateFormatterHelper.swift */; };
		60AE3EB52AE773BF009D9D18 /* SplitShareVC.swift in Sources */ = {isa = PBXBuildFile; fileRef = 60AE3EB42AE773BF009D9D18 /* SplitShareVC.swift */; };
		60AE3EB82AE773F5009D9D18 /* SplitShareVM.swift in Sources */ = {isa = PBXBuildFile; fileRef = 60AE3EB72AE773F5009D9D18 /* SplitShareVM.swift */; };
		60AE3EBA2AE77417009D9D18 /* SplitShareTableCell.swift in Sources */ = {isa = PBXBuildFile; fileRef = 60AE3EB92AE77417009D9D18 /* SplitShareTableCell.swift */; };
		60AE3EBC2AE7743E009D9D18 /* UITableView+.swift in Sources */ = {isa = PBXBuildFile; fileRef = 60AE3EBB2AE7743E009D9D18 /* UITableView+.swift */; };
		60AE3EBE2AE77467009D9D18 /* SplitShareSectionHeader.swift in Sources */ = {isa = PBXBuildFile; fileRef = 60AE3EBD2AE77467009D9D18 /* SplitShareSectionHeader.swift */; };
		60AE3EC12AE77488009D9D18 /* CSMemberResult.swift in Sources */ = {isa = PBXBuildFile; fileRef = 60AE3EC02AE77488009D9D18 /* CSMemberResult.swift */; };
		60AE3EC32AE77491009D9D18 /* SplitResult.swift in Sources */ = {isa = PBXBuildFile; fileRef = 60AE3EC22AE77491009D9D18 /* SplitResult.swift */; };
		60F496952AF753180077F6FB /* SPAlertController.swift in Sources */ = {isa = PBXBuildFile; fileRef = 60F496942AF753180077F6FB /* SPAlertController.swift */; };
		60F793432B05C5D800D55ADD /* UILabel+.swift in Sources */ = {isa = PBXBuildFile; fileRef = 60F793422B05C5D800D55ADD /* UILabel+.swift */; };
		60F793462B07053800D55ADD /* SplitMethodCell.swift in Sources */ = {isa = PBXBuildFile; fileRef = 60F793452B07053800D55ADD /* SplitMethodCell.swift */; };
		60F793482B070A2200D55ADD /* SplitMethod.swift in Sources */ = {isa = PBXBuildFile; fileRef = 60F793472B070A2200D55ADD /* SplitMethod.swift */; };
		60F7934A2B07AD8000D55ADD /* Notification+.swift in Sources */ = {isa = PBXBuildFile; fileRef = 60F793492B07AD8000D55ADD /* Notification+.swift */; };
		8656D6D42B020C03003660A4 /* EditCSMemberVC.swift in Sources */ = {isa = PBXBuildFile; fileRef = 8656D6D32B020C03003660A4 /* EditCSMemberVC.swift */; };
		8656D6D72B020C6D003660A4 /* EditCSMemberVM.swift in Sources */ = {isa = PBXBuildFile; fileRef = 8656D6D62B020C6D003660A4 /* EditCSMemberVM.swift */; };
		86C65FF22AEF970F00A7942A /* EditCSListVC.swift in Sources */ = {isa = PBXBuildFile; fileRef = 86C65FF12AEF970F00A7942A /* EditCSListVC.swift */; };
		86C65FF42AEF985A00A7942A /* EditCSListVM.swift in Sources */ = {isa = PBXBuildFile; fileRef = 86C65FF32AEF985A00A7942A /* EditCSListVM.swift */; };
		86C65FF62AEF9ADF00A7942A /* EditCSListCell.swift in Sources */ = {isa = PBXBuildFile; fileRef = 86C65FF52AEF9ADF00A7942A /* EditCSListCell.swift */; };
		86C65FFC2AF0F4D000A7942A /* EditCSItemVC.swift in Sources */ = {isa = PBXBuildFile; fileRef = 86C65FFB2AF0F4D000A7942A /* EditCSItemVC.swift */; };
		86C65FFE2AF0F6FB00A7942A /* DefaultEditButton.swift in Sources */ = {isa = PBXBuildFile; fileRef = 86C65FFD2AF0F6FB00A7942A /* DefaultEditButton.swift */; };
		86C660002AF126DE00A7942A /* EditCSItemVM.swift in Sources */ = {isa = PBXBuildFile; fileRef = 86C65FFF2AF126DE00A7942A /* EditCSItemVM.swift */; };
		86DACB0C2AF4ECC9008D7BAF /* EditCSInfoVC.swift in Sources */ = {isa = PBXBuildFile; fileRef = 86DACB0B2AF4ECC9008D7BAF /* EditCSInfoVC.swift */; };
		86DACB0E2AF4ECE7008D7BAF /* EditCSInfoVM.swift in Sources */ = {isa = PBXBuildFile; fileRef = 86DACB0D2AF4ECE7008D7BAF /* EditCSInfoVM.swift */; };
		86DACB162AF63B99008D7BAF /* EditExclItemInputVC.swift in Sources */ = {isa = PBXBuildFile; fileRef = 86DACB152AF63B99008D7BAF /* EditExclItemInputVC.swift */; };
		86DACB182AF63BED008D7BAF /* EditExclItemInputVM.swift in Sources */ = {isa = PBXBuildFile; fileRef = 86DACB172AF63BED008D7BAF /* EditExclItemInputVM.swift */; };
		C2263A8D2B07332400CF0E16 /* EliceDigitalCodingVerHBold.ttf in Resources */ = {isa = PBXBuildFile; fileRef = C2263A8B2B07332400CF0E16 /* EliceDigitalCodingVerHBold.ttf */; };
		C2263A8E2B07332400CF0E16 /* EliceDigitalCodingVerHRegular.ttf in Resources */ = {isa = PBXBuildFile; fileRef = C2263A8C2B07332400CF0E16 /* EliceDigitalCodingVerHRegular.ttf */; };
		C229F51A2AEA442E00F9E28D /* SPButton.swift in Sources */ = {isa = PBXBuildFile; fileRef = C229F5192AEA442E00F9E28D /* SPButton.swift */; };
		C291BA132AF4DD6F009501F3 /* UIDevice+.swift in Sources */ = {isa = PBXBuildFile; fileRef = C291BA122AF4DD6F009501F3 /* UIDevice+.swift */; };
		C2A7978D2AE2740D0049E709 /* ONEMobileBold.ttf in Resources */ = {isa = PBXBuildFile; fileRef = C2A7978A2AE2740D0049E709 /* ONEMobileBold.ttf */; };
		C2A7978E2AE2740D0049E709 /* ONEMobileLight.ttf in Resources */ = {isa = PBXBuildFile; fileRef = C2A7978B2AE2740D0049E709 /* ONEMobileLight.ttf */; };
		C2A7978F2AE2740D0049E709 /* ONEMobileRegular.ttf in Resources */ = {isa = PBXBuildFile; fileRef = C2A7978C2AE2740D0049E709 /* ONEMobileRegular.ttf */; };
		C2A797912AE2748E0049E709 /* UIFont+.swift in Sources */ = {isa = PBXBuildFile; fileRef = C2A797902AE2748E0049E709 /* UIFont+.swift */; };
		C2A797942AE274F10049E709 /* SPTextField.swift in Sources */ = {isa = PBXBuildFile; fileRef = C2A797932AE274F10049E709 /* SPTextField.swift */; };
		C2A7979C2AE276E90049E709 /* HistorySplitCell.swift in Sources */ = {isa = PBXBuildFile; fileRef = C2A7979B2AE276E90049E709 /* HistorySplitCell.swift */; };
		C2A7979E2AE2776B0049E709 /* HistorySplitCellVM.swift in Sources */ = {isa = PBXBuildFile; fileRef = C2A7979D2AE2776B0049E709 /* HistorySplitCellVM.swift */; };
		C2A797A02AE277AF0049E709 /* CreateDateSection.swift in Sources */ = {isa = PBXBuildFile; fileRef = C2A7979F2AE277AF0049E709 /* CreateDateSection.swift */; };
		C2A797A22AE277F90049E709 /* HistorySectionHeader.swift in Sources */ = {isa = PBXBuildFile; fileRef = C2A797A12AE277F90049E709 /* HistorySectionHeader.swift */; };
		C2A797A42AE278190049E709 /* HistoryVC.swift in Sources */ = {isa = PBXBuildFile; fileRef = C2A797A32AE278190049E709 /* HistoryVC.swift */; };
		C2A797A62AE2784B0049E709 /* HistoryVM.swift in Sources */ = {isa = PBXBuildFile; fileRef = C2A797A52AE2784B0049E709 /* HistoryVM.swift */; };
		DE1711C22AE0BA9B0097850D /* MyInfoVM.swift in Sources */ = {isa = PBXBuildFile; fileRef = DE1711C12AE0BA9B0097850D /* MyInfoVM.swift */; };
		DE1711C42AE0BAB30097850D /* MyInfoVC.swift in Sources */ = {isa = PBXBuildFile; fileRef = DE1711C32AE0BAB30097850D /* MyInfoVC.swift */; };
		DE73D6E32AE0D12300ABF3EF /* MyBankAccountVC.swift in Sources */ = {isa = PBXBuildFile; fileRef = DE73D6E22AE0D12300ABF3EF /* MyBankAccountVC.swift */; };
		DE73D6E52AE0D12C00ABF3EF /* MyBankAccountVM.swift in Sources */ = {isa = PBXBuildFile; fileRef = DE73D6E42AE0D12C00ABF3EF /* MyBankAccountVM.swift */; };
		DE73D6E72AE0D20600ABF3EF /* BankListData.swift in Sources */ = {isa = PBXBuildFile; fileRef = DE73D6E62AE0D20600ABF3EF /* BankListData.swift */; };
		DE73D6E92AE0D27500ABF3EF /* Bank.swift in Sources */ = {isa = PBXBuildFile; fileRef = DE73D6E82AE0D27500ABF3EF /* Bank.swift */; };
		DE73D6EB2AE0D29000ABF3EF /* BankManager.swift in Sources */ = {isa = PBXBuildFile; fileRef = DE73D6EA2AE0D29000ABF3EF /* BankManager.swift */; };
		DE73D6ED2AE0D2C300ABF3EF /* BankListModalVC.swift in Sources */ = {isa = PBXBuildFile; fileRef = DE73D6EC2AE0D2C300ABF3EF /* BankListModalVC.swift */; };
		DE73D6EF2AE0D2D500ABF3EF /* BankCell.swift in Sources */ = {isa = PBXBuildFile; fileRef = DE73D6EE2AE0D2D500ABF3EF /* BankCell.swift */; };
		DE73D6F72AE1983200ABF3EF /* MemberLogVC.swift in Sources */ = {isa = PBXBuildFile; fileRef = DE73D6F62AE1983200ABF3EF /* MemberLogVC.swift */; };
		DE73D6F92AE1983A00ABF3EF /* MemberLogVM.swift in Sources */ = {isa = PBXBuildFile; fileRef = DE73D6F82AE1983A00ABF3EF /* MemberLogVM.swift */; };
		DE73D6FC2AE1993F00ABF3EF /* MemberCell.swift in Sources */ = {isa = PBXBuildFile; fileRef = DE73D6FB2AE1993F00ABF3EF /* MemberCell.swift */; };
		DEFE9D812AEAAD91009C693E /* CustomKeyBoard.swift in Sources */ = {isa = PBXBuildFile; fileRef = DEFE9D802AEAAD91009C693E /* CustomKeyBoard.swift */; };
		DEFE9D832AEAB80A009C693E /* KeyboardButton.swift in Sources */ = {isa = PBXBuildFile; fileRef = DEFE9D822AEAB80A009C693E /* KeyboardButton.swift */; };
/* End PBXBuildFile section */

/* Begin PBXFileReference section */
		1A07DF0A2AE569660081E543 /* UIButton+.swift */ = {isa = PBXFileReference; lastKnownFileType = sourcecode.swift; path = "UIButton+.swift"; sourceTree = "<group>"; };
		1A1ACC4C2AF3CAF6004AC4CD /* SplitShareSectionFooter.swift */ = {isa = PBXFileReference; lastKnownFileType = sourcecode.swift; path = SplitShareSectionFooter.swift; sourceTree = "<group>"; };
		1A2DCC442AF771C600FB2FE2 /* HapticManager.swift */ = {isa = PBXFileReference; lastKnownFileType = sourcecode.swift; path = HapticManager.swift; sourceTree = "<group>"; };
		1A3852F42ADE5A9F00E9A20B /* Split.swift */ = {isa = PBXFileReference; lastKnownFileType = sourcecode.swift; path = Split.swift; sourceTree = "<group>"; };
		1A3852F62ADE5AB200E9A20B /* CSInfo.swift */ = {isa = PBXFileReference; lastKnownFileType = sourcecode.swift; path = CSInfo.swift; sourceTree = "<group>"; };
		1A3852F82ADE5AC200E9A20B /* CSMember.swift */ = {isa = PBXFileReference; lastKnownFileType = sourcecode.swift; path = CSMember.swift; sourceTree = "<group>"; };
		1A3852FA2ADE5ADA00E9A20B /* ExclItem.swift */ = {isa = PBXFileReference; lastKnownFileType = sourcecode.swift; path = ExclItem.swift; sourceTree = "<group>"; };
		1A3852FC2ADE5B0100E9A20B /* ExclMember.swift */ = {isa = PBXFileReference; lastKnownFileType = sourcecode.swift; path = ExclMember.swift; sourceTree = "<group>"; };
		1A4DB2282ADE61E800616243 /* RealmManager.swift */ = {isa = PBXFileReference; lastKnownFileType = sourcecode.swift; path = RealmManager.swift; sourceTree = "<group>"; };
		1A4DB22A2ADE68E400616243 /* SplitRepository.swift */ = {isa = PBXFileReference; lastKnownFileType = sourcecode.swift; path = SplitRepository.swift; sourceTree = "<group>"; };
		1A4DB2522ADEB24F00616243 /* MemberLog.swift */ = {isa = PBXFileReference; lastKnownFileType = sourcecode.swift; path = MemberLog.swift; sourceTree = "<group>"; };
		1A78450A2AFD28F300E38403 /* CSMemberVM.swift */ = {isa = PBXFileReference; lastKnownFileType = sourcecode.swift; path = CSMemberVM.swift; sourceTree = "<group>"; };
		1A78450C2AFD291C00E38403 /* CSMemberVC.swift */ = {isa = PBXFileReference; lastKnownFileType = sourcecode.swift; path = CSMemberVC.swift; sourceTree = "<group>"; };
		1A78450F2AFD299000E38403 /* CSMemberSearchCell.swift */ = {isa = PBXFileReference; lastKnownFileType = sourcecode.swift; path = CSMemberSearchCell.swift; sourceTree = "<group>"; };
		1A7845112AFD299D00E38403 /* CSMemberSelectedCell.swift */ = {isa = PBXFileReference; lastKnownFileType = sourcecode.swift; path = CSMemberSelectedCell.swift; sourceTree = "<group>"; };
		1A7845132AFD29BE00E38403 /* CSMemberEmptyBackGroundView.swift */ = {isa = PBXFileReference; lastKnownFileType = sourcecode.swift; path = CSMemberEmptyBackGroundView.swift; sourceTree = "<group>"; };
		1A8B05DB2AF0E15A00CF5BC5 /* SPNavigationBar.swift */ = {isa = PBXFileReference; lastKnownFileType = sourcecode.swift; path = SPNavigationBar.swift; sourceTree = "<group>"; };
		1A8B05E02AF1466300CF5BC5 /* SplitMethodSelectVC.swift */ = {isa = PBXFileReference; lastKnownFileType = sourcecode.swift; path = SplitMethodSelectVC.swift; sourceTree = "<group>"; };
		1A8B05E22AF1540A00CF5BC5 /* SplitMethodSelectVM.swift */ = {isa = PBXFileReference; lastKnownFileType = sourcecode.swift; path = SplitMethodSelectVM.swift; sourceTree = "<group>"; };
		1AC411622B0231BD008A45BC /* SPPopUp.swift */ = {isa = PBXFileReference; lastKnownFileType = sourcecode.swift; path = SPPopUp.swift; sourceTree = "<group>"; };
		1AC411692B028A88008A45BC /* RMSplit.swift */ = {isa = PBXFileReference; lastKnownFileType = sourcecode.swift; path = RMSplit.swift; sourceTree = "<group>"; };
		1AC4116B2B028A92008A45BC /* RMCSInfo.swift */ = {isa = PBXFileReference; lastKnownFileType = sourcecode.swift; path = RMCSInfo.swift; sourceTree = "<group>"; };
		1AC4116D2B028A9B008A45BC /* RMCSMember.swift */ = {isa = PBXFileReference; lastKnownFileType = sourcecode.swift; path = RMCSMember.swift; sourceTree = "<group>"; };
		1AC4116F2B028AA9008A45BC /* RMExclItem.swift */ = {isa = PBXFileReference; lastKnownFileType = sourcecode.swift; path = RMExclItem.swift; sourceTree = "<group>"; };
		1AC411712B028AB5008A45BC /* RMExclMember.swift */ = {isa = PBXFileReference; lastKnownFileType = sourcecode.swift; path = RMExclMember.swift; sourceTree = "<group>"; };
		1AC411732B028AC2008A45BC /* RMMemberLog.swift */ = {isa = PBXFileReference; lastKnownFileType = sourcecode.swift; path = RMMemberLog.swift; sourceTree = "<group>"; };
		1AC411762B028B78008A45BC /* LocalConvertibleType.swift */ = {isa = PBXFileReference; lastKnownFileType = sourcecode.swift; path = LocalConvertibleType.swift; sourceTree = "<group>"; };
		1AC411782B028B8B008A45BC /* RealmRepresentable.swift */ = {isa = PBXFileReference; lastKnownFileType = sourcecode.swift; path = RealmRepresentable.swift; sourceTree = "<group>"; };
		1AC4117B2B028D7C008A45BC /* Realm+.swift */ = {isa = PBXFileReference; lastKnownFileType = sourcecode.swift; path = "Realm+.swift"; sourceTree = "<group>"; };
		60104CE42AEFF6F700489AAD /* ExclItemInfoModalCell.swift */ = {isa = PBXFileReference; lastKnownFileType = sourcecode.swift; path = ExclItemInfoModalCell.swift; sourceTree = "<group>"; };
		60104CE62AEFF70D00489AAD /* ExclItemInfoDeactiveModalCell.swift */ = {isa = PBXFileReference; lastKnownFileType = sourcecode.swift; path = ExclItemInfoDeactiveModalCell.swift; sourceTree = "<group>"; };
		60104CE82AEFF73800489AAD /* ExclItemInfoModalSection.swift */ = {isa = PBXFileReference; lastKnownFileType = sourcecode.swift; path = ExclItemInfoModalSection.swift; sourceTree = "<group>"; };
		60115DF62ADBF2980050D32C /* UIColor+.swift */ = {isa = PBXFileReference; lastKnownFileType = sourcecode.swift; path = "UIColor+.swift"; sourceTree = "<group>"; };
		60115DF82ADBF2E10050D32C /* HomeVM.swift */ = {isa = PBXFileReference; lastKnownFileType = sourcecode.swift; path = HomeVM.swift; sourceTree = "<group>"; };
		60115E002ADC01150050D32C /* UITextField+.swift */ = {isa = PBXFileReference; lastKnownFileType = sourcecode.swift; path = "UITextField+.swift"; sourceTree = "<group>"; };
		60115E172ADD19CD0050D32C /* NumberFormatterHelper.swift */ = {isa = PBXFileReference; lastKnownFileType = sourcecode.swift; path = NumberFormatterHelper.swift; sourceTree = "<group>"; };
		6032DCE32AECE4B3004A6BFA /* CSInfoVC.swift */ = {isa = PBXFileReference; lastKnownFileType = sourcecode.swift; path = CSInfoVC.swift; sourceTree = "<group>"; };
		6032DCE52AECE4BC004A6BFA /* CSInfoVM.swift */ = {isa = PBXFileReference; lastKnownFileType = sourcecode.swift; path = CSInfoVM.swift; sourceTree = "<group>"; };
		6032DCEE2AEE5452004A6BFA /* ExclItemInputVC.swift */ = {isa = PBXFileReference; lastKnownFileType = sourcecode.swift; path = ExclItemInputVC.swift; sourceTree = "<group>"; };
		6032DCF02AEE6FFC004A6BFA /* ExclItemInputVM.swift */ = {isa = PBXFileReference; lastKnownFileType = sourcecode.swift; path = ExclItemInputVM.swift; sourceTree = "<group>"; };
		6032DCF52AEE8126004A6BFA /* ExclItemCell.swift */ = {isa = PBXFileReference; lastKnownFileType = sourcecode.swift; path = ExclItemCell.swift; sourceTree = "<group>"; };
		6032DCF92AEF5F68004A6BFA /* ExclItemInfoAddModalVC.swift */ = {isa = PBXFileReference; lastKnownFileType = sourcecode.swift; path = ExclItemInfoAddModalVC.swift; sourceTree = "<group>"; };
		6032DCFB2AEF5FBE004A6BFA /* ExclItemInfoAddModalVM.swift */ = {isa = PBXFileReference; lastKnownFileType = sourcecode.swift; path = ExclItemInfoAddModalVM.swift; sourceTree = "<group>"; };
		604CDC7A2AF14A8100416454 /* ExclItemInputEmptyView.swift */ = {isa = PBXFileReference; lastKnownFileType = sourcecode.swift; path = ExclItemInputEmptyView.swift; sourceTree = "<group>"; };
		604CDC7C2AF1522C00416454 /* ExclItemInfoEditModalVC.swift */ = {isa = PBXFileReference; lastKnownFileType = sourcecode.swift; path = ExclItemInfoEditModalVC.swift; sourceTree = "<group>"; };
		604CDC7E2AF1527500416454 /* ExclItemInfoEditModalVM.swift */ = {isa = PBXFileReference; lastKnownFileType = sourcecode.swift; path = ExclItemInfoEditModalVM.swift; sourceTree = "<group>"; };
		604CDC852AF2396300416454 /* ExcltemInfoModalAlertVC.swift */ = {isa = PBXFileReference; lastKnownFileType = sourcecode.swift; path = ExcltemInfoModalAlertVC.swift; sourceTree = "<group>"; };
		6078ACC82ADA74AC00995811 /* SplitIt.app */ = {isa = PBXFileReference; explicitFileType = wrapper.application; includeInIndex = 0; path = SplitIt.app; sourceTree = BUILT_PRODUCTS_DIR; };
		6078ACCB2ADA74AC00995811 /* AppDelegate.swift */ = {isa = PBXFileReference; lastKnownFileType = sourcecode.swift; path = AppDelegate.swift; sourceTree = "<group>"; };
		6078ACCD2ADA74AC00995811 /* SceneDelegate.swift */ = {isa = PBXFileReference; lastKnownFileType = sourcecode.swift; path = SceneDelegate.swift; sourceTree = "<group>"; };
		6078ACCF2ADA74AC00995811 /* HomeVC.swift */ = {isa = PBXFileReference; lastKnownFileType = sourcecode.swift; path = HomeVC.swift; sourceTree = "<group>"; };
		6078ACD42ADA74AD00995811 /* Assets.xcassets */ = {isa = PBXFileReference; lastKnownFileType = folder.assetcatalog; path = Assets.xcassets; sourceTree = "<group>"; };
		6078ACD72ADA74AD00995811 /* Base */ = {isa = PBXFileReference; lastKnownFileType = file.storyboard; name = Base; path = Base.lproj/LaunchScreen.storyboard; sourceTree = "<group>"; };
		6078ACD92ADA74AD00995811 /* Info.plist */ = {isa = PBXFileReference; lastKnownFileType = text.plist.xml; path = Info.plist; sourceTree = "<group>"; };
		607ED87D2AF0D06F00A82349 /* ExclItemInfo.swift */ = {isa = PBXFileReference; lastKnownFileType = sourcecode.swift; path = ExclItemInfo.swift; sourceTree = "<group>"; };
		60990AEB2B01F24100202319 /* MemberCheck.swift */ = {isa = PBXFileReference; lastKnownFileType = sourcecode.swift; path = MemberCheck.swift; sourceTree = "<group>"; };
		60AE3EA92AE6562E009D9D18 /* DateFormatterHelper.swift */ = {isa = PBXFileReference; lastKnownFileType = sourcecode.swift; path = DateFormatterHelper.swift; sourceTree = "<group>"; };
		60AE3EB42AE773BF009D9D18 /* SplitShareVC.swift */ = {isa = PBXFileReference; lastKnownFileType = sourcecode.swift; path = SplitShareVC.swift; sourceTree = "<group>"; };
		60AE3EB72AE773F5009D9D18 /* SplitShareVM.swift */ = {isa = PBXFileReference; lastKnownFileType = sourcecode.swift; path = SplitShareVM.swift; sourceTree = "<group>"; };
		60AE3EB92AE77417009D9D18 /* SplitShareTableCell.swift */ = {isa = PBXFileReference; lastKnownFileType = sourcecode.swift; path = SplitShareTableCell.swift; sourceTree = "<group>"; };
		60AE3EBB2AE7743E009D9D18 /* UITableView+.swift */ = {isa = PBXFileReference; lastKnownFileType = sourcecode.swift; path = "UITableView+.swift"; sourceTree = "<group>"; };
		60AE3EBD2AE77467009D9D18 /* SplitShareSectionHeader.swift */ = {isa = PBXFileReference; lastKnownFileType = sourcecode.swift; path = SplitShareSectionHeader.swift; sourceTree = "<group>"; };
		60AE3EC02AE77488009D9D18 /* CSMemberResult.swift */ = {isa = PBXFileReference; lastKnownFileType = sourcecode.swift; path = CSMemberResult.swift; sourceTree = "<group>"; };
		60AE3EC22AE77491009D9D18 /* SplitResult.swift */ = {isa = PBXFileReference; lastKnownFileType = sourcecode.swift; path = SplitResult.swift; sourceTree = "<group>"; };
		60F496942AF753180077F6FB /* SPAlertController.swift */ = {isa = PBXFileReference; lastKnownFileType = sourcecode.swift; path = SPAlertController.swift; sourceTree = "<group>"; };
		60F793422B05C5D800D55ADD /* UILabel+.swift */ = {isa = PBXFileReference; lastKnownFileType = sourcecode.swift; path = "UILabel+.swift"; sourceTree = "<group>"; };
		60F793452B07053800D55ADD /* SplitMethodCell.swift */ = {isa = PBXFileReference; lastKnownFileType = sourcecode.swift; path = SplitMethodCell.swift; sourceTree = "<group>"; };
		60F793472B070A2200D55ADD /* SplitMethod.swift */ = {isa = PBXFileReference; lastKnownFileType = sourcecode.swift; path = SplitMethod.swift; sourceTree = "<group>"; };
		60F793492B07AD8000D55ADD /* Notification+.swift */ = {isa = PBXFileReference; lastKnownFileType = sourcecode.swift; path = "Notification+.swift"; sourceTree = "<group>"; };
		8656D6D32B020C03003660A4 /* EditCSMemberVC.swift */ = {isa = PBXFileReference; lastKnownFileType = sourcecode.swift; path = EditCSMemberVC.swift; sourceTree = "<group>"; };
		8656D6D62B020C6D003660A4 /* EditCSMemberVM.swift */ = {isa = PBXFileReference; lastKnownFileType = sourcecode.swift; path = EditCSMemberVM.swift; sourceTree = "<group>"; };
		86C65FF12AEF970F00A7942A /* EditCSListVC.swift */ = {isa = PBXFileReference; lastKnownFileType = sourcecode.swift; path = EditCSListVC.swift; sourceTree = "<group>"; };
		86C65FF32AEF985A00A7942A /* EditCSListVM.swift */ = {isa = PBXFileReference; lastKnownFileType = sourcecode.swift; path = EditCSListVM.swift; sourceTree = "<group>"; };
		86C65FF52AEF9ADF00A7942A /* EditCSListCell.swift */ = {isa = PBXFileReference; lastKnownFileType = sourcecode.swift; path = EditCSListCell.swift; sourceTree = "<group>"; };
		86C65FFB2AF0F4D000A7942A /* EditCSItemVC.swift */ = {isa = PBXFileReference; lastKnownFileType = sourcecode.swift; path = EditCSItemVC.swift; sourceTree = "<group>"; };
		86C65FFD2AF0F6FB00A7942A /* DefaultEditButton.swift */ = {isa = PBXFileReference; lastKnownFileType = sourcecode.swift; path = DefaultEditButton.swift; sourceTree = "<group>"; };
		86C65FFF2AF126DE00A7942A /* EditCSItemVM.swift */ = {isa = PBXFileReference; lastKnownFileType = sourcecode.swift; path = EditCSItemVM.swift; sourceTree = "<group>"; };
		86DACB0B2AF4ECC9008D7BAF /* EditCSInfoVC.swift */ = {isa = PBXFileReference; lastKnownFileType = sourcecode.swift; path = EditCSInfoVC.swift; sourceTree = "<group>"; };
		86DACB0D2AF4ECE7008D7BAF /* EditCSInfoVM.swift */ = {isa = PBXFileReference; lastKnownFileType = sourcecode.swift; path = EditCSInfoVM.swift; sourceTree = "<group>"; };
		86DACB152AF63B99008D7BAF /* EditExclItemInputVC.swift */ = {isa = PBXFileReference; lastKnownFileType = sourcecode.swift; path = EditExclItemInputVC.swift; sourceTree = "<group>"; };
		86DACB172AF63BED008D7BAF /* EditExclItemInputVM.swift */ = {isa = PBXFileReference; lastKnownFileType = sourcecode.swift; path = EditExclItemInputVM.swift; sourceTree = "<group>"; };
		C2263A8B2B07332400CF0E16 /* EliceDigitalCodingVerHBold.ttf */ = {isa = PBXFileReference; lastKnownFileType = file; path = EliceDigitalCodingVerHBold.ttf; sourceTree = "<group>"; };
		C2263A8C2B07332400CF0E16 /* EliceDigitalCodingVerHRegular.ttf */ = {isa = PBXFileReference; lastKnownFileType = file; path = EliceDigitalCodingVerHRegular.ttf; sourceTree = "<group>"; };
		C229F5192AEA442E00F9E28D /* SPButton.swift */ = {isa = PBXFileReference; lastKnownFileType = sourcecode.swift; path = SPButton.swift; sourceTree = "<group>"; };
		C291BA122AF4DD6F009501F3 /* UIDevice+.swift */ = {isa = PBXFileReference; lastKnownFileType = sourcecode.swift; path = "UIDevice+.swift"; sourceTree = "<group>"; };
		C2A7978A2AE2740D0049E709 /* ONEMobileBold.ttf */ = {isa = PBXFileReference; lastKnownFileType = file; path = ONEMobileBold.ttf; sourceTree = "<group>"; };
		C2A7978B2AE2740D0049E709 /* ONEMobileLight.ttf */ = {isa = PBXFileReference; lastKnownFileType = file; path = ONEMobileLight.ttf; sourceTree = "<group>"; };
		C2A7978C2AE2740D0049E709 /* ONEMobileRegular.ttf */ = {isa = PBXFileReference; lastKnownFileType = file; path = ONEMobileRegular.ttf; sourceTree = "<group>"; };
		C2A797902AE2748E0049E709 /* UIFont+.swift */ = {isa = PBXFileReference; lastKnownFileType = sourcecode.swift; path = "UIFont+.swift"; sourceTree = "<group>"; };
		C2A797932AE274F10049E709 /* SPTextField.swift */ = {isa = PBXFileReference; lastKnownFileType = sourcecode.swift; path = SPTextField.swift; sourceTree = "<group>"; };
		C2A7979B2AE276E90049E709 /* HistorySplitCell.swift */ = {isa = PBXFileReference; lastKnownFileType = sourcecode.swift; path = HistorySplitCell.swift; sourceTree = "<group>"; };
		C2A7979D2AE2776B0049E709 /* HistorySplitCellVM.swift */ = {isa = PBXFileReference; lastKnownFileType = sourcecode.swift; path = HistorySplitCellVM.swift; sourceTree = "<group>"; };
		C2A7979F2AE277AF0049E709 /* CreateDateSection.swift */ = {isa = PBXFileReference; lastKnownFileType = sourcecode.swift; path = CreateDateSection.swift; sourceTree = "<group>"; };
		C2A797A12AE277F90049E709 /* HistorySectionHeader.swift */ = {isa = PBXFileReference; lastKnownFileType = sourcecode.swift; path = HistorySectionHeader.swift; sourceTree = "<group>"; };
		C2A797A32AE278190049E709 /* HistoryVC.swift */ = {isa = PBXFileReference; lastKnownFileType = sourcecode.swift; path = HistoryVC.swift; sourceTree = "<group>"; };
		C2A797A52AE2784B0049E709 /* HistoryVM.swift */ = {isa = PBXFileReference; lastKnownFileType = sourcecode.swift; path = HistoryVM.swift; sourceTree = "<group>"; };
		DE1711C12AE0BA9B0097850D /* MyInfoVM.swift */ = {isa = PBXFileReference; lastKnownFileType = sourcecode.swift; path = MyInfoVM.swift; sourceTree = "<group>"; };
		DE1711C32AE0BAB30097850D /* MyInfoVC.swift */ = {isa = PBXFileReference; lastKnownFileType = sourcecode.swift; path = MyInfoVC.swift; sourceTree = "<group>"; };
		DE73D6E22AE0D12300ABF3EF /* MyBankAccountVC.swift */ = {isa = PBXFileReference; lastKnownFileType = sourcecode.swift; path = MyBankAccountVC.swift; sourceTree = "<group>"; };
		DE73D6E42AE0D12C00ABF3EF /* MyBankAccountVM.swift */ = {isa = PBXFileReference; lastKnownFileType = sourcecode.swift; path = MyBankAccountVM.swift; sourceTree = "<group>"; };
		DE73D6E62AE0D20600ABF3EF /* BankListData.swift */ = {isa = PBXFileReference; lastKnownFileType = sourcecode.swift; path = BankListData.swift; sourceTree = "<group>"; };
		DE73D6E82AE0D27500ABF3EF /* Bank.swift */ = {isa = PBXFileReference; lastKnownFileType = sourcecode.swift; path = Bank.swift; sourceTree = "<group>"; };
		DE73D6EA2AE0D29000ABF3EF /* BankManager.swift */ = {isa = PBXFileReference; lastKnownFileType = sourcecode.swift; path = BankManager.swift; sourceTree = "<group>"; };
		DE73D6EC2AE0D2C300ABF3EF /* BankListModalVC.swift */ = {isa = PBXFileReference; lastKnownFileType = sourcecode.swift; path = BankListModalVC.swift; sourceTree = "<group>"; };
		DE73D6EE2AE0D2D500ABF3EF /* BankCell.swift */ = {isa = PBXFileReference; lastKnownFileType = sourcecode.swift; path = BankCell.swift; sourceTree = "<group>"; };
		DE73D6F62AE1983200ABF3EF /* MemberLogVC.swift */ = {isa = PBXFileReference; lastKnownFileType = sourcecode.swift; path = MemberLogVC.swift; sourceTree = "<group>"; };
		DE73D6F82AE1983A00ABF3EF /* MemberLogVM.swift */ = {isa = PBXFileReference; lastKnownFileType = sourcecode.swift; path = MemberLogVM.swift; sourceTree = "<group>"; };
		DE73D6FB2AE1993F00ABF3EF /* MemberCell.swift */ = {isa = PBXFileReference; lastKnownFileType = sourcecode.swift; path = MemberCell.swift; sourceTree = "<group>"; };
		DEFE9D802AEAAD91009C693E /* CustomKeyBoard.swift */ = {isa = PBXFileReference; lastKnownFileType = sourcecode.swift; path = CustomKeyBoard.swift; sourceTree = "<group>"; };
		DEFE9D822AEAB80A009C693E /* KeyboardButton.swift */ = {isa = PBXFileReference; lastKnownFileType = sourcecode.swift; path = KeyboardButton.swift; sourceTree = "<group>"; };
/* End PBXFileReference section */

/* Begin PBXFrameworksBuildPhase section */
		6078ACC52ADA74AC00995811 /* Frameworks */ = {
			isa = PBXFrameworksBuildPhase;
			buildActionMask = 2147483647;
			files = (
				1AC4115F2B020D03008A45BC /* Toast in Frameworks */,
				6078ACEF2ADA756900995811 /* RxSwift in Frameworks */,
				1A1ACC532AF672F3004AC4CD /* SnapshotKit in Frameworks */,
				6078ACE12ADA751D00995811 /* RxRealm in Frameworks */,
				6078ACEA2ADA753B00995811 /* SnapKit in Frameworks */,
				6078ACED2ADA756900995811 /* RxCocoa in Frameworks */,
				6078ACF22ADA757E00995811 /* RxDataSources in Frameworks */,
				6078ACE72ADA752F00995811 /* Then in Frameworks */,
				60115DFC2ADBF8860050D32C /* RxAppState in Frameworks */,
				604B5FBF2B035D6D00EDD5DA /* RxGesture in Frameworks */,
				1A7845062AFD1AB100E38403 /* RealmSwift in Frameworks */,
				6078ACE42ADA752600995811 /* Reusable in Frameworks */,
			);
			runOnlyForDeploymentPostprocessing = 0;
		};
/* End PBXFrameworksBuildPhase section */

/* Begin PBXGroup section */
		1A2DCC432AF771A000FB2FE2 /* Utility */ = {
			isa = PBXGroup;
			children = (
				60990AF02B01F52F00202319 /* TypeHelper */,
				DEFE9D862AEF5C11009C693E /* CustomKeyboard */,
				60990AEF2B01F51300202319 /* HapticManager */,
			);
			path = Utility;
			sourceTree = "<group>";
		};
		1A4DB2272ADE61D400616243 /* Repository */ = {
			isa = PBXGroup;
			children = (
				1A4DB22A2ADE68E400616243 /* SplitRepository.swift */,
				1A4DB2282ADE61E800616243 /* RealmManager.swift */,
			);
			path = Repository;
			sourceTree = "<group>";
		};
		1A7845072AFD28A500E38403 /* CSMember */ = {
			isa = PBXGroup;
			children = (
				1AC411612B02120E008A45BC /* Model */,
				1A7845092AFD28B900E38403 /* ViewModel */,
				1A7845082AFD28B000E38403 /* View */,
			);
			path = CSMember;
			sourceTree = "<group>";
		};
		1A7845082AFD28B000E38403 /* View */ = {
			isa = PBXGroup;
			children = (
				1A78450E2AFD295D00E38403 /* Cell */,
				1A78450C2AFD291C00E38403 /* CSMemberVC.swift */,
			);
			path = View;
			sourceTree = "<group>";
		};
		1A7845092AFD28B900E38403 /* ViewModel */ = {
			isa = PBXGroup;
			children = (
				1A78450A2AFD28F300E38403 /* CSMemberVM.swift */,
			);
			path = ViewModel;
			sourceTree = "<group>";
		};
		1A78450E2AFD295D00E38403 /* Cell */ = {
			isa = PBXGroup;
			children = (
				1A78450F2AFD299000E38403 /* CSMemberSearchCell.swift */,
				1A7845112AFD299D00E38403 /* CSMemberSelectedCell.swift */,
				1A7845132AFD29BE00E38403 /* CSMemberEmptyBackGroundView.swift */,
			);
			path = Cell;
			sourceTree = "<group>";
		};
		1A8B05DD2AF145F000CF5BC5 /* SplitMethodSelect */ = {
			isa = PBXGroup;
			children = (
				1A8B05DF2AF1460400CF5BC5 /* ViewModel */,
				1A8B05DE2AF145FF00CF5BC5 /* View */,
			);
			path = SplitMethodSelect;
			sourceTree = "<group>";
		};
		1A8B05DE2AF145FF00CF5BC5 /* View */ = {
			isa = PBXGroup;
			children = (
				60F793442B07052F00D55ADD /* Cell */,
				1A8B05E02AF1466300CF5BC5 /* SplitMethodSelectVC.swift */,
				60F793472B070A2200D55ADD /* SplitMethod.swift */,
			);
			path = View;
			sourceTree = "<group>";
		};
		1A8B05DF2AF1460400CF5BC5 /* ViewModel */ = {
			isa = PBXGroup;
			children = (
				1A8B05E22AF1540A00CF5BC5 /* SplitMethodSelectVM.swift */,
			);
			path = ViewModel;
			sourceTree = "<group>";
		};
		1AC411602B020DC0008A45BC /* Model */ = {
			isa = PBXGroup;
			children = (
				60AE3EC02AE77488009D9D18 /* CSMemberResult.swift */,
				60AE3EC22AE77491009D9D18 /* SplitResult.swift */,
			);
			path = Model;
			sourceTree = "<group>";
		};
		1AC411612B02120E008A45BC /* Model */ = {
			isa = PBXGroup;
			children = (
				60990AEB2B01F24100202319 /* MemberCheck.swift */,
			);
			path = Model;
			sourceTree = "<group>";
		};
		1AC411682B028A7B008A45BC /* Entity */ = {
			isa = PBXGroup;
			children = (
				1AC411752B028B5D008A45BC /* Convertion */,
				1AC411692B028A88008A45BC /* RMSplit.swift */,
				1AC4116B2B028A92008A45BC /* RMCSInfo.swift */,
				1AC4116D2B028A9B008A45BC /* RMCSMember.swift */,
				1AC4116F2B028AA9008A45BC /* RMExclItem.swift */,
				1AC411712B028AB5008A45BC /* RMExclMember.swift */,
				1AC411732B028AC2008A45BC /* RMMemberLog.swift */,
			);
			path = Entity;
			sourceTree = "<group>";
		};
		1AC411752B028B5D008A45BC /* Convertion */ = {
			isa = PBXGroup;
			children = (
				1AC411762B028B78008A45BC /* LocalConvertibleType.swift */,
				1AC411782B028B8B008A45BC /* RealmRepresentable.swift */,
			);
			path = Convertion;
			sourceTree = "<group>";
		};
		1AC4117A2B028D54008A45BC /* Realm */ = {
			isa = PBXGroup;
			children = (
				1AC4117B2B028D7C008A45BC /* Realm+.swift */,
				1AC411682B028A7B008A45BC /* Entity */,
			);
			path = Realm;
			sourceTree = "<group>";
		};
		60115DF22ADBF0DD0050D32C /* Presenter */ = {
			isa = PBXGroup;
			children = (
				60AE3EB12AE77395009D9D18 /* SplitShare */,
				869D1AC92AE5292A00D166B1 /* SplitEditFlow */,
				C2A797972AE276B50049E709 /* HistoryFlow */,
				DE1711BE2AE0BA750097850D /* MyInfoFlow */,
				60115E042ADC18110050D32C /* SplitCreateFlow */,
				60115DF32ADBF10B0050D32C /* Home */,
			);
			path = Presenter;
			sourceTree = "<group>";
		};
		60115DF32ADBF10B0050D32C /* Home */ = {
			isa = PBXGroup;
			children = (
				60115DFD2ADBFFB40050D32C /* View */,
				60115DFE2ADBFFBD0050D32C /* ViewModel */,
			);
			path = Home;
			sourceTree = "<group>";
		};
		60115DF42ADBF1F80050D32C /* Resources */ = {
			isa = PBXGroup;
			children = (
				1A2DCC432AF771A000FB2FE2 /* Utility */,
				C2A797922AE274C30049E709 /* Components */,
				C2A797872AE273E90049E709 /* Assets */,
				60115DF52ADBF2580050D32C /* Extensions */,
			);
			path = Resources;
			sourceTree = "<group>";
		};
		60115DF52ADBF2580050D32C /* Extensions */ = {
			isa = PBXGroup;
			children = (
				60115DF62ADBF2980050D32C /* UIColor+.swift */,
				60115E002ADC01150050D32C /* UITextField+.swift */,
				C2A797902AE2748E0049E709 /* UIFont+.swift */,
				1A07DF0A2AE569660081E543 /* UIButton+.swift */,
				60AE3EBB2AE7743E009D9D18 /* UITableView+.swift */,
				C291BA122AF4DD6F009501F3 /* UIDevice+.swift */,
				60F793422B05C5D800D55ADD /* UILabel+.swift */,
				60F793492B07AD8000D55ADD /* Notification+.swift */,
			);
			path = Extensions;
			sourceTree = "<group>";
		};
		60115DFD2ADBFFB40050D32C /* View */ = {
			isa = PBXGroup;
			children = (
				6078ACCF2ADA74AC00995811 /* HomeVC.swift */,
			);
			path = View;
			sourceTree = "<group>";
		};
		60115DFE2ADBFFBD0050D32C /* ViewModel */ = {
			isa = PBXGroup;
			children = (
				60115DF82ADBF2E10050D32C /* HomeVM.swift */,
			);
			path = ViewModel;
			sourceTree = "<group>";
		};
		60115DFF2ADC000F0050D32C /* Models */ = {
			isa = PBXGroup;
			children = (
				1A3852F42ADE5A9F00E9A20B /* Split.swift */,
				1A3852F62ADE5AB200E9A20B /* CSInfo.swift */,
				1A3852F82ADE5AC200E9A20B /* CSMember.swift */,
				1A3852FA2ADE5ADA00E9A20B /* ExclItem.swift */,
				1A3852FC2ADE5B0100E9A20B /* ExclMember.swift */,
				1A4DB2522ADEB24F00616243 /* MemberLog.swift */,
			);
			path = Models;
			sourceTree = "<group>";
		};
		60115E042ADC18110050D32C /* SplitCreateFlow */ = {
			isa = PBXGroup;
			children = (
				6032DCE72AEE538C004A6BFA /* ExclItem */,
				1A7845072AFD28A500E38403 /* CSMember */,
				6032DCE02AECE1EE004A6BFA /* CSInfo */,
				1A8B05DD2AF145F000CF5BC5 /* SplitMethodSelect */,
			);
			path = SplitCreateFlow;
			sourceTree = "<group>";
		};
		6032DCE02AECE1EE004A6BFA /* CSInfo */ = {
			isa = PBXGroup;
			children = (
				6032DCE22AECE4AA004A6BFA /* ViewModel */,
				6032DCE12AECE4A7004A6BFA /* View */,
			);
			path = CSInfo;
			sourceTree = "<group>";
		};
		6032DCE12AECE4A7004A6BFA /* View */ = {
			isa = PBXGroup;
			children = (
				6032DCE32AECE4B3004A6BFA /* CSInfoVC.swift */,
			);
			path = View;
			sourceTree = "<group>";
		};
		6032DCE22AECE4AA004A6BFA /* ViewModel */ = {
			isa = PBXGroup;
			children = (
				6032DCE52AECE4BC004A6BFA /* CSInfoVM.swift */,
			);
			path = ViewModel;
			sourceTree = "<group>";
		};
		6032DCE72AEE538C004A6BFA /* ExclItem */ = {
			isa = PBXGroup;
			children = (
				6032DCEB2AEE542C004A6BFA /* ExclItemModal */,
				6032DCEA2AEE5423004A6BFA /* ExclItemInput */,
			);
			path = ExclItem;
			sourceTree = "<group>";
		};
		6032DCEA2AEE5423004A6BFA /* ExclItemInput */ = {
			isa = PBXGroup;
			children = (
				6032DCED2AEE5445004A6BFA /* ViewModel */,
				6032DCEC2AEE543C004A6BFA /* View */,
			);
			path = ExclItemInput;
			sourceTree = "<group>";
		};
		6032DCEB2AEE542C004A6BFA /* ExclItemModal */ = {
			isa = PBXGroup;
			children = (
				604CDC812AF161B500416454 /* ViewModel */,
				604CDC802AF161B000416454 /* View */,
			);
			path = ExclItemModal;
			sourceTree = "<group>";
		};
		6032DCEC2AEE543C004A6BFA /* View */ = {
			isa = PBXGroup;
			children = (
				6032DCF42AEE8120004A6BFA /* Cell */,
				6032DCEE2AEE5452004A6BFA /* ExclItemInputVC.swift */,
				604CDC7A2AF14A8100416454 /* ExclItemInputEmptyView.swift */,
				607ED87D2AF0D06F00A82349 /* ExclItemInfo.swift */,
			);
			path = View;
			sourceTree = "<group>";
		};
		6032DCED2AEE5445004A6BFA /* ViewModel */ = {
			isa = PBXGroup;
			children = (
				6032DCF02AEE6FFC004A6BFA /* ExclItemInputVM.swift */,
			);
			path = ViewModel;
			sourceTree = "<group>";
		};
		6032DCF42AEE8120004A6BFA /* Cell */ = {
			isa = PBXGroup;
			children = (
				6032DCF52AEE8126004A6BFA /* ExclItemCell.swift */,
			);
			path = Cell;
			sourceTree = "<group>";
		};
		604CDC802AF161B000416454 /* View */ = {
			isa = PBXGroup;
			children = (
				604CDC822AF161CB00416454 /* Cell */,
				6032DCF92AEF5F68004A6BFA /* ExclItemInfoAddModalVC.swift */,
				604CDC7C2AF1522C00416454 /* ExclItemInfoEditModalVC.swift */,
				60104CE82AEFF73800489AAD /* ExclItemInfoModalSection.swift */,
				604CDC852AF2396300416454 /* ExcltemInfoModalAlertVC.swift */,
			);
			path = View;
			sourceTree = "<group>";
		};
		604CDC812AF161B500416454 /* ViewModel */ = {
			isa = PBXGroup;
			children = (
				6032DCFB2AEF5FBE004A6BFA /* ExclItemInfoAddModalVM.swift */,
				604CDC7E2AF1527500416454 /* ExclItemInfoEditModalVM.swift */,
			);
			path = ViewModel;
			sourceTree = "<group>";
		};
		604CDC822AF161CB00416454 /* Cell */ = {
			isa = PBXGroup;
			children = (
				60104CE42AEFF6F700489AAD /* ExclItemInfoModalCell.swift */,
				60104CE62AEFF70D00489AAD /* ExclItemInfoDeactiveModalCell.swift */,
			);
			path = Cell;
			sourceTree = "<group>";
		};
		6078ACBF2ADA74AC00995811 = {
			isa = PBXGroup;
			children = (
				6078ACCA2ADA74AC00995811 /* SplitIt */,
				6078ACC92ADA74AC00995811 /* Products */,
			);
			sourceTree = "<group>";
		};
		6078ACC92ADA74AC00995811 /* Products */ = {
			isa = PBXGroup;
			children = (
				6078ACC82ADA74AC00995811 /* SplitIt.app */,
			);
			name = Products;
			sourceTree = "<group>";
		};
		6078ACCA2ADA74AC00995811 /* SplitIt */ = {
			isa = PBXGroup;
			children = (
				6078ACCB2ADA74AC00995811 /* AppDelegate.swift */,
				6078ACCD2ADA74AC00995811 /* SceneDelegate.swift */,
				1AC4117A2B028D54008A45BC /* Realm */,
				1A4DB2272ADE61D400616243 /* Repository */,
				60115DFF2ADC000F0050D32C /* Models */,
				60115DF42ADBF1F80050D32C /* Resources */,
				60115DF22ADBF0DD0050D32C /* Presenter */,
				6078ACD42ADA74AD00995811 /* Assets.xcassets */,
				6078ACD62ADA74AD00995811 /* LaunchScreen.storyboard */,
				6078ACD92ADA74AD00995811 /* Info.plist */,
			);
			path = SplitIt;
			sourceTree = "<group>";
		};
		60990AEF2B01F51300202319 /* HapticManager */ = {
			isa = PBXGroup;
			children = (
				1A2DCC442AF771C600FB2FE2 /* HapticManager.swift */,
			);
			path = HapticManager;
			sourceTree = "<group>";
		};
		60990AF02B01F52F00202319 /* TypeHelper */ = {
			isa = PBXGroup;
			children = (
				60115E172ADD19CD0050D32C /* NumberFormatterHelper.swift */,
				60AE3EA92AE6562E009D9D18 /* DateFormatterHelper.swift */,
			);
			path = TypeHelper;
			sourceTree = "<group>";
		};
		60990AF12B01F59000202319 /* MyInfo */ = {
			isa = PBXGroup;
			children = (
				DE1711C02AE0BA8C0097850D /* ViewModel */,
				DE1711BF2AE0BA830097850D /* View */,
			);
			path = MyInfo;
			sourceTree = "<group>";
		};
		60990AF22B01F72500202319 /* View */ = {
			isa = PBXGroup;
			children = (
				60990AF42B01F73100202319 /* Cell */,
				86C65FF12AEF970F00A7942A /* EditCSListVC.swift */,
			);
			path = View;
			sourceTree = "<group>";
		};
		60990AF32B01F72A00202319 /* ViewModel */ = {
			isa = PBXGroup;
			children = (
				86C65FF32AEF985A00A7942A /* EditCSListVM.swift */,
			);
			path = ViewModel;
			sourceTree = "<group>";
		};
		60990AF42B01F73100202319 /* Cell */ = {
			isa = PBXGroup;
			children = (
				86C65FF52AEF9ADF00A7942A /* EditCSListCell.swift */,
			);
			path = Cell;
			sourceTree = "<group>";
		};
		60990AF52B01F73800202319 /* View */ = {
			isa = PBXGroup;
			children = (
				86C65FFB2AF0F4D000A7942A /* EditCSItemVC.swift */,
			);
			path = View;
			sourceTree = "<group>";
		};
		60990AF62B01F73F00202319 /* ViewModel */ = {
			isa = PBXGroup;
			children = (
				86C65FFF2AF126DE00A7942A /* EditCSItemVM.swift */,
			);
			path = ViewModel;
			sourceTree = "<group>";
		};
		60990AF72B01F79600202319 /* View */ = {
			isa = PBXGroup;
			children = (
				86DACB0B2AF4ECC9008D7BAF /* EditCSInfoVC.swift */,
			);
			path = View;
			sourceTree = "<group>";
		};
		60990AF82B01F79A00202319 /* ViewModel */ = {
			isa = PBXGroup;
			children = (
				86DACB0D2AF4ECE7008D7BAF /* EditCSInfoVM.swift */,
			);
			path = ViewModel;
			sourceTree = "<group>";
		};
		60990AFC2B01F7BD00202319 /* View */ = {
			isa = PBXGroup;
			children = (
				86DACB152AF63B99008D7BAF /* EditExclItemInputVC.swift */,
			);
			path = View;
			sourceTree = "<group>";
		};
		60990AFD2B01F7C300202319 /* ViewModel */ = {
			isa = PBXGroup;
			children = (
				86DACB172AF63BED008D7BAF /* EditExclItemInputVM.swift */,
			);
			path = ViewModel;
			sourceTree = "<group>";
		};
		60AE3EB12AE77395009D9D18 /* SplitShare */ = {
			isa = PBXGroup;
			children = (
				1AC411602B020DC0008A45BC /* Model */,
				60AE3EB32AE773A3009D9D18 /* ViewModel */,
				60AE3EB22AE7739E009D9D18 /* View */,
			);
			path = SplitShare;
			sourceTree = "<group>";
		};
		60AE3EB22AE7739E009D9D18 /* View */ = {
			isa = PBXGroup;
			children = (
				60AE3EB62AE773C7009D9D18 /* Cell */,
				60AE3EB42AE773BF009D9D18 /* SplitShareVC.swift */,
				60AE3EBD2AE77467009D9D18 /* SplitShareSectionHeader.swift */,
				1A1ACC4C2AF3CAF6004AC4CD /* SplitShareSectionFooter.swift */,
			);
			path = View;
			sourceTree = "<group>";
		};
		60AE3EB32AE773A3009D9D18 /* ViewModel */ = {
			isa = PBXGroup;
			children = (
				60AE3EB72AE773F5009D9D18 /* SplitShareVM.swift */,
			);
			path = ViewModel;
			sourceTree = "<group>";
		};
		60AE3EB62AE773C7009D9D18 /* Cell */ = {
			isa = PBXGroup;
			children = (
				60AE3EB92AE77417009D9D18 /* SplitShareTableCell.swift */,
			);
			path = Cell;
			sourceTree = "<group>";
		};
		60F793442B07052F00D55ADD /* Cell */ = {
			isa = PBXGroup;
			children = (
				60F793452B07053800D55ADD /* SplitMethodCell.swift */,
			);
			path = Cell;
			sourceTree = "<group>";
		};
		8656D6D12B020BC2003660A4 /* EditCSMember */ = {
			isa = PBXGroup;
			children = (
				8656D6D52B020C57003660A4 /* ViewModel */,
				8656D6D22B020BEF003660A4 /* View */,
			);
			path = EditCSMember;
			sourceTree = "<group>";
		};
		8656D6D22B020BEF003660A4 /* View */ = {
			isa = PBXGroup;
			children = (
				8656D6D32B020C03003660A4 /* EditCSMemberVC.swift */,
			);
			path = View;
			sourceTree = "<group>";
		};
		8656D6D52B020C57003660A4 /* ViewModel */ = {
			isa = PBXGroup;
			children = (
				8656D6D62B020C6D003660A4 /* EditCSMemberVM.swift */,
			);
			path = ViewModel;
			sourceTree = "<group>";
		};
		869D1AC92AE5292A00D166B1 /* SplitEditFlow */ = {
			isa = PBXGroup;
			children = (
				86DACB092AF4EC4F008D7BAF /* EditCSDetails */,
				86C65FFA2AF0F4B300A7942A /* EditCSItem */,
				86C65FF02AEF96E700A7942A /* EditCSList */,
			);
			path = SplitEditFlow;
			sourceTree = "<group>";
		};
		86C65FF02AEF96E700A7942A /* EditCSList */ = {
			isa = PBXGroup;
			children = (
				60990AF32B01F72A00202319 /* ViewModel */,
				60990AF22B01F72500202319 /* View */,
			);
			path = EditCSList;
			sourceTree = "<group>";
		};
		86C65FFA2AF0F4B300A7942A /* EditCSItem */ = {
			isa = PBXGroup;
			children = (
				60990AF62B01F73F00202319 /* ViewModel */,
				60990AF52B01F73800202319 /* View */,
			);
			path = EditCSItem;
			sourceTree = "<group>";
		};
		86DACB092AF4EC4F008D7BAF /* EditCSDetails */ = {
			isa = PBXGroup;
			children = (
				8656D6D12B020BC2003660A4 /* EditCSMember */,
				86DACB142AF63B01008D7BAF /* EditCSExclItem */,
				86DACB0A2AF4ECB8008D7BAF /* EditCSInfo */,
			);
			path = EditCSDetails;
			sourceTree = "<group>";
		};
		86DACB0A2AF4ECB8008D7BAF /* EditCSInfo */ = {
			isa = PBXGroup;
			children = (
				60990AF82B01F79A00202319 /* ViewModel */,
				60990AF72B01F79600202319 /* View */,
			);
			path = EditCSInfo;
			sourceTree = "<group>";
		};
		86DACB142AF63B01008D7BAF /* EditCSExclItem */ = {
			isa = PBXGroup;
			children = (
				60990AFD2B01F7C300202319 /* ViewModel */,
				60990AFC2B01F7BD00202319 /* View */,
			);
			path = EditCSExclItem;
			sourceTree = "<group>";
		};
		C2263A8A2B07331600CF0E16 /* Receipt */ = {
			isa = PBXGroup;
			children = (
				C2263A8B2B07332400CF0E16 /* EliceDigitalCodingVerHBold.ttf */,
				C2263A8C2B07332400CF0E16 /* EliceDigitalCodingVerHRegular.ttf */,
			);
			path = Receipt;
			sourceTree = "<group>";
		};
		C2A797872AE273E90049E709 /* Assets */ = {
			isa = PBXGroup;
			children = (
				C2A797882AE273F80049E709 /* Fonts */,
			);
			path = Assets;
			sourceTree = "<group>";
		};
		C2A797882AE273F80049E709 /* Fonts */ = {
			isa = PBXGroup;
			children = (
				C2263A8A2B07331600CF0E16 /* Receipt */,
				C2A797892AE273FD0049E709 /* Korean */,
			);
			path = Fonts;
			sourceTree = "<group>";
		};
		C2A797892AE273FD0049E709 /* Korean */ = {
			isa = PBXGroup;
			children = (
				C2A7978A2AE2740D0049E709 /* ONEMobileBold.ttf */,
				C2A7978B2AE2740D0049E709 /* ONEMobileLight.ttf */,
				C2A7978C2AE2740D0049E709 /* ONEMobileRegular.ttf */,
			);
			path = Korean;
			sourceTree = "<group>";
		};
		C2A797922AE274C30049E709 /* Components */ = {
			isa = PBXGroup;
			children = (
				C2A797932AE274F10049E709 /* SPTextField.swift */,
				C229F5192AEA442E00F9E28D /* SPButton.swift */,
				1A8B05DB2AF0E15A00CF5BC5 /* SPNavigationBar.swift */,
				86C65FFD2AF0F6FB00A7942A /* DefaultEditButton.swift */,
				60F496942AF753180077F6FB /* SPAlertController.swift */,
				1AC411622B0231BD008A45BC /* SPPopUp.swift */,
			);
			path = Components;
			sourceTree = "<group>";
		};
		C2A797972AE276B50049E709 /* HistoryFlow */ = {
			isa = PBXGroup;
			children = (
				C2A797992AE276C40049E709 /* View */,
				C2A797982AE276BD0049E709 /* ViewModel */,
				C2A7979F2AE277AF0049E709 /* CreateDateSection.swift */,
			);
			path = HistoryFlow;
			sourceTree = "<group>";
		};
		C2A797982AE276BD0049E709 /* ViewModel */ = {
			isa = PBXGroup;
			children = (
				C2A7979D2AE2776B0049E709 /* HistorySplitCellVM.swift */,
				C2A797A52AE2784B0049E709 /* HistoryVM.swift */,
			);
			path = ViewModel;
			sourceTree = "<group>";
		};
		C2A797992AE276C40049E709 /* View */ = {
			isa = PBXGroup;
			children = (
				C2A7979A2AE276C90049E709 /* Cell */,
				C2A797A12AE277F90049E709 /* HistorySectionHeader.swift */,
				C2A797A32AE278190049E709 /* HistoryVC.swift */,
			);
			path = View;
			sourceTree = "<group>";
		};
		C2A7979A2AE276C90049E709 /* Cell */ = {
			isa = PBXGroup;
			children = (
				C2A7979B2AE276E90049E709 /* HistorySplitCell.swift */,
			);
			path = Cell;
			sourceTree = "<group>";
		};
		DE1711BE2AE0BA750097850D /* MyInfoFlow */ = {
			isa = PBXGroup;
			children = (
				DE73D6DE2AE0D0E700ABF3EF /* MyInfoDetail */,
				60990AF12B01F59000202319 /* MyInfo */,
			);
			path = MyInfoFlow;
			sourceTree = "<group>";
		};
		DE1711BF2AE0BA830097850D /* View */ = {
			isa = PBXGroup;
			children = (
				DE1711C32AE0BAB30097850D /* MyInfoVC.swift */,
			);
			path = View;
			sourceTree = "<group>";
		};
		DE1711C02AE0BA8C0097850D /* ViewModel */ = {
			isa = PBXGroup;
			children = (
				DE1711C12AE0BA9B0097850D /* MyInfoVM.swift */,
			);
			path = ViewModel;
			sourceTree = "<group>";
		};
		DE73D6DE2AE0D0E700ABF3EF /* MyInfoDetail */ = {
			isa = PBXGroup;
			children = (
				DE73D6F32AE1981300ABF3EF /* MemberLog */,
				DE73D6DF2AE0D10200ABF3EF /* MyAccountBank */,
			);
			path = MyInfoDetail;
			sourceTree = "<group>";
		};
		DE73D6DF2AE0D10200ABF3EF /* MyAccountBank */ = {
			isa = PBXGroup;
			children = (
				DE73D6F22AE1223800ABF3EF /* Cell */,
				DE73D6E12AE0D11600ABF3EF /* ViewModel */,
				DE73D6E02AE0D11000ABF3EF /* View */,
				DE73D6E62AE0D20600ABF3EF /* BankListData.swift */,
				DE73D6E82AE0D27500ABF3EF /* Bank.swift */,
				DE73D6EA2AE0D29000ABF3EF /* BankManager.swift */,
			);
			path = MyAccountBank;
			sourceTree = "<group>";
		};
		DE73D6E02AE0D11000ABF3EF /* View */ = {
			isa = PBXGroup;
			children = (
				DE73D6E22AE0D12300ABF3EF /* MyBankAccountVC.swift */,
				DE73D6EC2AE0D2C300ABF3EF /* BankListModalVC.swift */,
			);
			path = View;
			sourceTree = "<group>";
		};
		DE73D6E12AE0D11600ABF3EF /* ViewModel */ = {
			isa = PBXGroup;
			children = (
				DE73D6E42AE0D12C00ABF3EF /* MyBankAccountVM.swift */,
			);
			path = ViewModel;
			sourceTree = "<group>";
		};
		DE73D6F22AE1223800ABF3EF /* Cell */ = {
			isa = PBXGroup;
			children = (
				DE73D6EE2AE0D2D500ABF3EF /* BankCell.swift */,
			);
			path = Cell;
			sourceTree = "<group>";
		};
		DE73D6F32AE1981300ABF3EF /* MemberLog */ = {
			isa = PBXGroup;
			children = (
				DE73D6FA2AE1993400ABF3EF /* Cell */,
				DE73D6F52AE1982100ABF3EF /* ViewModel */,
				DE73D6F42AE1981D00ABF3EF /* View */,
			);
			path = MemberLog;
			sourceTree = "<group>";
		};
		DE73D6F42AE1981D00ABF3EF /* View */ = {
			isa = PBXGroup;
			children = (
				DE73D6F62AE1983200ABF3EF /* MemberLogVC.swift */,
			);
			path = View;
			sourceTree = "<group>";
		};
		DE73D6F52AE1982100ABF3EF /* ViewModel */ = {
			isa = PBXGroup;
			children = (
				DE73D6F82AE1983A00ABF3EF /* MemberLogVM.swift */,
			);
			path = ViewModel;
			sourceTree = "<group>";
		};
		DE73D6FA2AE1993400ABF3EF /* Cell */ = {
			isa = PBXGroup;
			children = (
				DE73D6FB2AE1993F00ABF3EF /* MemberCell.swift */,
			);
			path = Cell;
			sourceTree = "<group>";
		};
		DEFE9D862AEF5C11009C693E /* CustomKeyboard */ = {
			isa = PBXGroup;
			children = (
				DEFE9D802AEAAD91009C693E /* CustomKeyBoard.swift */,
				DEFE9D822AEAB80A009C693E /* KeyboardButton.swift */,
			);
			path = CustomKeyboard;
			sourceTree = "<group>";
		};
/* End PBXGroup section */

/* Begin PBXNativeTarget section */
		6078ACC72ADA74AC00995811 /* SplitIt */ = {
			isa = PBXNativeTarget;
			buildConfigurationList = 6078ACDC2ADA74AD00995811 /* Build configuration list for PBXNativeTarget "SplitIt" */;
			buildPhases = (
				6078ACC42ADA74AC00995811 /* Sources */,
				6078ACC52ADA74AC00995811 /* Frameworks */,
				6078ACC62ADA74AC00995811 /* Resources */,
			);
			buildRules = (
			);
			dependencies = (
			);
			name = SplitIt;
			packageProductDependencies = (
				6078ACE02ADA751D00995811 /* RxRealm */,
				6078ACE32ADA752600995811 /* Reusable */,
				6078ACE62ADA752F00995811 /* Then */,
				6078ACE92ADA753B00995811 /* SnapKit */,
				6078ACEC2ADA756900995811 /* RxCocoa */,
				6078ACEE2ADA756900995811 /* RxSwift */,
				6078ACF12ADA757E00995811 /* RxDataSources */,
				60115DFB2ADBF8860050D32C /* RxAppState */,
				1A1ACC522AF672F3004AC4CD /* SnapshotKit */,
				1A7845052AFD1AB100E38403 /* RealmSwift */,
				604B5FBE2B035D6D00EDD5DA /* RxGesture */,
				1AC4115E2B020D03008A45BC /* Toast */,
			);
			productName = SplitIt;
			productReference = 6078ACC82ADA74AC00995811 /* SplitIt.app */;
			productType = "com.apple.product-type.application";
		};
/* End PBXNativeTarget section */

/* Begin PBXProject section */
		6078ACC02ADA74AC00995811 /* Project object */ = {
			isa = PBXProject;
			attributes = {
				BuildIndependentTargetsInParallel = 1;
				LastSwiftUpdateCheck = 1430;
				LastUpgradeCheck = 1430;
				TargetAttributes = {
					6078ACC72ADA74AC00995811 = {
						CreatedOnToolsVersion = 14.3.1;
					};
				};
			};
			buildConfigurationList = 6078ACC32ADA74AC00995811 /* Build configuration list for PBXProject "SplitIt" */;
			compatibilityVersion = "Xcode 14.0";
			developmentRegion = en;
			hasScannedForEncodings = 0;
			knownRegions = (
				en,
				Base,
			);
			mainGroup = 6078ACBF2ADA74AC00995811;
			packageReferences = (
				6078ACDF2ADA751D00995811 /* XCRemoteSwiftPackageReference "RxRealm" */,
				6078ACE22ADA752600995811 /* XCRemoteSwiftPackageReference "Reusable" */,
				6078ACE52ADA752F00995811 /* XCRemoteSwiftPackageReference "Then" */,
				6078ACE82ADA753B00995811 /* XCRemoteSwiftPackageReference "SnapKit" */,
				6078ACEB2ADA756900995811 /* XCRemoteSwiftPackageReference "RxSwift" */,
				6078ACF02ADA757E00995811 /* XCRemoteSwiftPackageReference "RxDataSources" */,
				60115DFA2ADBF8860050D32C /* XCRemoteSwiftPackageReference "RxAppState" */,
				1A1ACC512AF672F3004AC4CD /* XCRemoteSwiftPackageReference "SnapshotKit" */,
				1A7845042AFD1AB100E38403 /* XCRemoteSwiftPackageReference "realm-swift" */,
				604B5FBD2B035D6D00EDD5DA /* XCRemoteSwiftPackageReference "RxGesture" */,
				1AC4115D2B020D02008A45BC /* XCRemoteSwiftPackageReference "Toast-Swift" */,
			);
			productRefGroup = 6078ACC92ADA74AC00995811 /* Products */;
			projectDirPath = "";
			projectRoot = "";
			targets = (
				6078ACC72ADA74AC00995811 /* SplitIt */,
			);
		};
/* End PBXProject section */

/* Begin PBXResourcesBuildPhase section */
		6078ACC62ADA74AC00995811 /* Resources */ = {
			isa = PBXResourcesBuildPhase;
			buildActionMask = 2147483647;
			files = (
				C2263A8D2B07332400CF0E16 /* EliceDigitalCodingVerHBold.ttf in Resources */,
				C2A7978E2AE2740D0049E709 /* ONEMobileLight.ttf in Resources */,
				C2263A8E2B07332400CF0E16 /* EliceDigitalCodingVerHRegular.ttf in Resources */,
				6078ACD82ADA74AD00995811 /* LaunchScreen.storyboard in Resources */,
				C2A7978D2AE2740D0049E709 /* ONEMobileBold.ttf in Resources */,
				C2A7978F2AE2740D0049E709 /* ONEMobileRegular.ttf in Resources */,
				6078ACD52ADA74AD00995811 /* Assets.xcassets in Resources */,
			);
			runOnlyForDeploymentPostprocessing = 0;
		};
/* End PBXResourcesBuildPhase section */

/* Begin PBXSourcesBuildPhase section */
		6078ACC42ADA74AC00995811 /* Sources */ = {
			isa = PBXSourcesBuildPhase;
			buildActionMask = 2147483647;
			files = (
				60AE3EAA2AE6562E009D9D18 /* DateFormatterHelper.swift in Sources */,
				60104CE52AEFF6F700489AAD /* ExclItemInfoModalCell.swift in Sources */,
				604CDC7B2AF14A8200416454 /* ExclItemInputEmptyView.swift in Sources */,
				1AC411632B0231BD008A45BC /* SPPopUp.swift in Sources */,
				6032DCF62AEE8126004A6BFA /* ExclItemCell.swift in Sources */,
				DE1711C42AE0BAB30097850D /* MyInfoVC.swift in Sources */,
				60F793432B05C5D800D55ADD /* UILabel+.swift in Sources */,
				60AE3EBC2AE7743E009D9D18 /* UITableView+.swift in Sources */,
				1AC411772B028B78008A45BC /* LocalConvertibleType.swift in Sources */,
				60AE3EB52AE773BF009D9D18 /* SplitShareVC.swift in Sources */,
				DEFE9D812AEAAD91009C693E /* CustomKeyBoard.swift in Sources */,
				1A07DF0B2AE569660081E543 /* UIButton+.swift in Sources */,
				60115E182ADD19CD0050D32C /* NumberFormatterHelper.swift in Sources */,
				60AE3EC32AE77491009D9D18 /* SplitResult.swift in Sources */,
				86DACB182AF63BED008D7BAF /* EditExclItemInputVM.swift in Sources */,
				1A4DB2532ADEB24F00616243 /* MemberLog.swift in Sources */,
				DE73D6F92AE1983A00ABF3EF /* MemberLogVM.swift in Sources */,
				C2A797A62AE2784B0049E709 /* HistoryVM.swift in Sources */,
				1AC411722B028AB5008A45BC /* RMExclMember.swift in Sources */,
				C2A797A42AE278190049E709 /* HistoryVC.swift in Sources */,
				1A7845122AFD299D00E38403 /* CSMemberSelectedCell.swift in Sources */,
				604CDC7F2AF1527500416454 /* ExclItemInfoEditModalVM.swift in Sources */,
				86C65FFE2AF0F6FB00A7942A /* DefaultEditButton.swift in Sources */,
				C229F51A2AEA442E00F9E28D /* SPButton.swift in Sources */,
				C2A797912AE2748E0049E709 /* UIFont+.swift in Sources */,
				86DACB162AF63B99008D7BAF /* EditExclItemInputVC.swift in Sources */,
				604CDC7D2AF1522C00416454 /* ExclItemInfoEditModalVC.swift in Sources */,
				DE73D6E72AE0D20600ABF3EF /* BankListData.swift in Sources */,
				DEFE9D832AEAB80A009C693E /* KeyboardButton.swift in Sources */,
				60F496952AF753180077F6FB /* SPAlertController.swift in Sources */,
				1A2DCC452AF771C600FB2FE2 /* HapticManager.swift in Sources */,
				6078ACD02ADA74AC00995811 /* HomeVC.swift in Sources */,
				1AC411702B028AA9008A45BC /* RMExclItem.swift in Sources */,
				1A8B05DC2AF0E15A00CF5BC5 /* SPNavigationBar.swift in Sources */,
				1A7845142AFD29BE00E38403 /* CSMemberEmptyBackGroundView.swift in Sources */,
				1A1ACC4D2AF3CAF6004AC4CD /* SplitShareSectionFooter.swift in Sources */,
				60F793462B07053800D55ADD /* SplitMethodCell.swift in Sources */,
				DE73D6F72AE1983200ABF3EF /* MemberLogVC.swift in Sources */,
				60F7934A2B07AD8000D55ADD /* Notification+.swift in Sources */,
				86C660002AF126DE00A7942A /* EditCSItemVM.swift in Sources */,
				C2A7979C2AE276E90049E709 /* HistorySplitCell.swift in Sources */,
				DE73D6ED2AE0D2C300ABF3EF /* BankListModalVC.swift in Sources */,
				60115DF72ADBF2980050D32C /* UIColor+.swift in Sources */,
				1A3852F92ADE5AC200E9A20B /* CSMember.swift in Sources */,
				86C65FF22AEF970F00A7942A /* EditCSListVC.swift in Sources */,
				C2A797942AE274F10049E709 /* SPTextField.swift in Sources */,
				1A3852F72ADE5AB200E9A20B /* CSInfo.swift in Sources */,
				6032DCF12AEE6FFC004A6BFA /* ExclItemInputVM.swift in Sources */,
				6032DCEF2AEE5452004A6BFA /* ExclItemInputVC.swift in Sources */,
				C2A7979E2AE2776B0049E709 /* HistorySplitCellVM.swift in Sources */,
				60AE3EBE2AE77467009D9D18 /* SplitShareSectionHeader.swift in Sources */,
				DE73D6E92AE0D27500ABF3EF /* Bank.swift in Sources */,
				DE73D6E32AE0D12300ABF3EF /* MyBankAccountVC.swift in Sources */,
				60AE3EC12AE77488009D9D18 /* CSMemberResult.swift in Sources */,
				60AE3EBA2AE77417009D9D18 /* SplitShareTableCell.swift in Sources */,
				6078ACCC2ADA74AC00995811 /* AppDelegate.swift in Sources */,
				DE73D6EB2AE0D29000ABF3EF /* BankManager.swift in Sources */,
				60990AEC2B01F24100202319 /* MemberCheck.swift in Sources */,
				86DACB0E2AF4ECE7008D7BAF /* EditCSInfoVM.swift in Sources */,
				1A4DB2292ADE61E800616243 /* RealmManager.swift in Sources */,
				8656D6D72B020C6D003660A4 /* EditCSMemberVM.swift in Sources */,
				60115E012ADC01150050D32C /* UITextField+.swift in Sources */,
				60104CE92AEFF73800489AAD /* ExclItemInfoModalSection.swift in Sources */,
				1AC411792B028B8B008A45BC /* RealmRepresentable.swift in Sources */,
				604CDC862AF2396300416454 /* ExcltemInfoModalAlertVC.swift in Sources */,
				1A8B05E32AF1540A00CF5BC5 /* SplitMethodSelectVM.swift in Sources */,
				60115DF92ADBF2E10050D32C /* HomeVM.swift in Sources */,
				1A78450B2AFD28F300E38403 /* CSMemberVM.swift in Sources */,
				60F793482B070A2200D55ADD /* SplitMethod.swift in Sources */,
				1AC411742B028AC2008A45BC /* RMMemberLog.swift in Sources */,
				1A78450D2AFD291C00E38403 /* CSMemberVC.swift in Sources */,
				1A3852F52ADE5A9F00E9A20B /* Split.swift in Sources */,
				60104CE72AEFF70D00489AAD /* ExclItemInfoDeactiveModalCell.swift in Sources */,
				DE1711C22AE0BA9B0097850D /* MyInfoVM.swift in Sources */,
				6032DCFC2AEF5FBE004A6BFA /* ExclItemInfoAddModalVM.swift in Sources */,
				1A3852FB2ADE5ADA00E9A20B /* ExclItem.swift in Sources */,
				C2A797A02AE277AF0049E709 /* CreateDateSection.swift in Sources */,
				1AC4116E2B028A9B008A45BC /* RMCSMember.swift in Sources */,
				6078ACCE2ADA74AC00995811 /* SceneDelegate.swift in Sources */,
				1AC4116A2B028A88008A45BC /* RMSplit.swift in Sources */,
				DE73D6E52AE0D12C00ABF3EF /* MyBankAccountVM.swift in Sources */,
				1AC4116C2B028A92008A45BC /* RMCSInfo.swift in Sources */,
				8656D6D42B020C03003660A4 /* EditCSMemberVC.swift in Sources */,
				1A4DB22B2ADE68E400616243 /* SplitRepository.swift in Sources */,
				C291BA132AF4DD6F009501F3 /* UIDevice+.swift in Sources */,
				1A3852FD2ADE5B0100E9A20B /* ExclMember.swift in Sources */,
				86DACB0C2AF4ECC9008D7BAF /* EditCSInfoVC.swift in Sources */,
				DE73D6FC2AE1993F00ABF3EF /* MemberCell.swift in Sources */,
				1AC4117C2B028D7C008A45BC /* Realm+.swift in Sources */,
				6032DCE42AECE4B3004A6BFA /* CSInfoVC.swift in Sources */,
				607ED87E2AF0D06F00A82349 /* ExclItemInfo.swift in Sources */,
				6032DCFA2AEF5F68004A6BFA /* ExclItemInfoAddModalVC.swift in Sources */,
				DE73D6EF2AE0D2D500ABF3EF /* BankCell.swift in Sources */,
				86C65FF62AEF9ADF00A7942A /* EditCSListCell.swift in Sources */,
				6032DCE62AECE4BC004A6BFA /* CSInfoVM.swift in Sources */,
				1A8B05E12AF1466300CF5BC5 /* SplitMethodSelectVC.swift in Sources */,
				60AE3EB82AE773F5009D9D18 /* SplitShareVM.swift in Sources */,
				C2A797A22AE277F90049E709 /* HistorySectionHeader.swift in Sources */,
				86C65FF42AEF985A00A7942A /* EditCSListVM.swift in Sources */,
				1A7845102AFD299000E38403 /* CSMemberSearchCell.swift in Sources */,
				86C65FFC2AF0F4D000A7942A /* EditCSItemVC.swift in Sources */,
			);
			runOnlyForDeploymentPostprocessing = 0;
		};
/* End PBXSourcesBuildPhase section */

/* Begin PBXVariantGroup section */
		6078ACD62ADA74AD00995811 /* LaunchScreen.storyboard */ = {
			isa = PBXVariantGroup;
			children = (
				6078ACD72ADA74AD00995811 /* Base */,
			);
			name = LaunchScreen.storyboard;
			sourceTree = "<group>";
		};
/* End PBXVariantGroup section */

/* Begin XCBuildConfiguration section */
		6078ACDA2ADA74AD00995811 /* Debug */ = {
			isa = XCBuildConfiguration;
			buildSettings = {
				ALWAYS_SEARCH_USER_PATHS = NO;
				CLANG_ANALYZER_NONNULL = YES;
				CLANG_ANALYZER_NUMBER_OBJECT_CONVERSION = YES_AGGRESSIVE;
				CLANG_CXX_LANGUAGE_STANDARD = "gnu++20";
				CLANG_ENABLE_MODULES = YES;
				CLANG_ENABLE_OBJC_ARC = YES;
				CLANG_ENABLE_OBJC_WEAK = YES;
				CLANG_WARN_BLOCK_CAPTURE_AUTORELEASING = YES;
				CLANG_WARN_BOOL_CONVERSION = YES;
				CLANG_WARN_COMMA = YES;
				CLANG_WARN_CONSTANT_CONVERSION = YES;
				CLANG_WARN_DEPRECATED_OBJC_IMPLEMENTATIONS = YES;
				CLANG_WARN_DIRECT_OBJC_ISA_USAGE = YES_ERROR;
				CLANG_WARN_DOCUMENTATION_COMMENTS = YES;
				CLANG_WARN_EMPTY_BODY = YES;
				CLANG_WARN_ENUM_CONVERSION = YES;
				CLANG_WARN_INFINITE_RECURSION = YES;
				CLANG_WARN_INT_CONVERSION = YES;
				CLANG_WARN_NON_LITERAL_NULL_CONVERSION = YES;
				CLANG_WARN_OBJC_IMPLICIT_RETAIN_SELF = YES;
				CLANG_WARN_OBJC_LITERAL_CONVERSION = YES;
				CLANG_WARN_OBJC_ROOT_CLASS = YES_ERROR;
				CLANG_WARN_QUOTED_INCLUDE_IN_FRAMEWORK_HEADER = YES;
				CLANG_WARN_RANGE_LOOP_ANALYSIS = YES;
				CLANG_WARN_STRICT_PROTOTYPES = YES;
				CLANG_WARN_SUSPICIOUS_MOVE = YES;
				CLANG_WARN_UNGUARDED_AVAILABILITY = YES_AGGRESSIVE;
				CLANG_WARN_UNREACHABLE_CODE = YES;
				CLANG_WARN__DUPLICATE_METHOD_MATCH = YES;
				COPY_PHASE_STRIP = NO;
				DEBUG_INFORMATION_FORMAT = dwarf;
				ENABLE_STRICT_OBJC_MSGSEND = YES;
				ENABLE_TESTABILITY = YES;
				GCC_C_LANGUAGE_STANDARD = gnu11;
				GCC_DYNAMIC_NO_PIC = NO;
				GCC_NO_COMMON_BLOCKS = YES;
				GCC_OPTIMIZATION_LEVEL = 0;
				GCC_PREPROCESSOR_DEFINITIONS = (
					"DEBUG=1",
					"$(inherited)",
				);
				GCC_WARN_64_TO_32_BIT_CONVERSION = YES;
				GCC_WARN_ABOUT_RETURN_TYPE = YES_ERROR;
				GCC_WARN_UNDECLARED_SELECTOR = YES;
				GCC_WARN_UNINITIALIZED_AUTOS = YES_AGGRESSIVE;
				GCC_WARN_UNUSED_FUNCTION = YES;
				GCC_WARN_UNUSED_VARIABLE = YES;
				IPHONEOS_DEPLOYMENT_TARGET = 15.0;
				MTL_ENABLE_DEBUG_INFO = INCLUDE_SOURCE;
				MTL_FAST_MATH = YES;
				ONLY_ACTIVE_ARCH = YES;
				SDKROOT = iphoneos;
				SWIFT_ACTIVE_COMPILATION_CONDITIONS = DEBUG;
				SWIFT_OPTIMIZATION_LEVEL = "-Onone";
			};
			name = Debug;
		};
		6078ACDB2ADA74AD00995811 /* Release */ = {
			isa = XCBuildConfiguration;
			buildSettings = {
				ALWAYS_SEARCH_USER_PATHS = NO;
				CLANG_ANALYZER_NONNULL = YES;
				CLANG_ANALYZER_NUMBER_OBJECT_CONVERSION = YES_AGGRESSIVE;
				CLANG_CXX_LANGUAGE_STANDARD = "gnu++20";
				CLANG_ENABLE_MODULES = YES;
				CLANG_ENABLE_OBJC_ARC = YES;
				CLANG_ENABLE_OBJC_WEAK = YES;
				CLANG_WARN_BLOCK_CAPTURE_AUTORELEASING = YES;
				CLANG_WARN_BOOL_CONVERSION = YES;
				CLANG_WARN_COMMA = YES;
				CLANG_WARN_CONSTANT_CONVERSION = YES;
				CLANG_WARN_DEPRECATED_OBJC_IMPLEMENTATIONS = YES;
				CLANG_WARN_DIRECT_OBJC_ISA_USAGE = YES_ERROR;
				CLANG_WARN_DOCUMENTATION_COMMENTS = YES;
				CLANG_WARN_EMPTY_BODY = YES;
				CLANG_WARN_ENUM_CONVERSION = YES;
				CLANG_WARN_INFINITE_RECURSION = YES;
				CLANG_WARN_INT_CONVERSION = YES;
				CLANG_WARN_NON_LITERAL_NULL_CONVERSION = YES;
				CLANG_WARN_OBJC_IMPLICIT_RETAIN_SELF = YES;
				CLANG_WARN_OBJC_LITERAL_CONVERSION = YES;
				CLANG_WARN_OBJC_ROOT_CLASS = YES_ERROR;
				CLANG_WARN_QUOTED_INCLUDE_IN_FRAMEWORK_HEADER = YES;
				CLANG_WARN_RANGE_LOOP_ANALYSIS = YES;
				CLANG_WARN_STRICT_PROTOTYPES = YES;
				CLANG_WARN_SUSPICIOUS_MOVE = YES;
				CLANG_WARN_UNGUARDED_AVAILABILITY = YES_AGGRESSIVE;
				CLANG_WARN_UNREACHABLE_CODE = YES;
				CLANG_WARN__DUPLICATE_METHOD_MATCH = YES;
				COPY_PHASE_STRIP = NO;
				DEBUG_INFORMATION_FORMAT = "dwarf-with-dsym";
				ENABLE_NS_ASSERTIONS = NO;
				ENABLE_STRICT_OBJC_MSGSEND = YES;
				GCC_C_LANGUAGE_STANDARD = gnu11;
				GCC_NO_COMMON_BLOCKS = YES;
				GCC_WARN_64_TO_32_BIT_CONVERSION = YES;
				GCC_WARN_ABOUT_RETURN_TYPE = YES_ERROR;
				GCC_WARN_UNDECLARED_SELECTOR = YES;
				GCC_WARN_UNINITIALIZED_AUTOS = YES_AGGRESSIVE;
				GCC_WARN_UNUSED_FUNCTION = YES;
				GCC_WARN_UNUSED_VARIABLE = YES;
				IPHONEOS_DEPLOYMENT_TARGET = 15.0;
				MTL_ENABLE_DEBUG_INFO = NO;
				MTL_FAST_MATH = YES;
				SDKROOT = iphoneos;
				SWIFT_COMPILATION_MODE = wholemodule;
				SWIFT_OPTIMIZATION_LEVEL = "-O";
				VALIDATE_PRODUCT = YES;
			};
			name = Release;
		};
		6078ACDD2ADA74AD00995811 /* Debug */ = {
			isa = XCBuildConfiguration;
			buildSettings = {
				ASSETCATALOG_COMPILER_APPICON_NAME = AppIcon;
				ASSETCATALOG_COMPILER_GLOBAL_ACCENT_COLOR_NAME = AccentColor;
				ASSETCATALOG_COMPILER_INCLUDE_ALL_APPICON_ASSETS = YES;
				CODE_SIGN_IDENTITY = "Apple Development";
				CODE_SIGN_STYLE = Automatic;
				CURRENT_PROJECT_VERSION = 0;
				DEVELOPMENT_TEAM = "";
				GENERATE_INFOPLIST_FILE = YES;
				INFOPLIST_FILE = SplitIt/Info.plist;
				INFOPLIST_KEY_CFBundleDisplayName = "Split it!";
				INFOPLIST_KEY_LSApplicationCategoryType = "public.app-category.productivity";
				INFOPLIST_KEY_UIApplicationSupportsIndirectInputEvents = YES;
				INFOPLIST_KEY_UILaunchStoryboardName = LaunchScreen;
				INFOPLIST_KEY_UIStatusBarStyle = "";
				INFOPLIST_KEY_UISupportedInterfaceOrientations = UIInterfaceOrientationPortrait;
				INFOPLIST_KEY_UISupportedInterfaceOrientations_iPad = "UIInterfaceOrientationLandscapeLeft UIInterfaceOrientationLandscapeRight UIInterfaceOrientationPortrait UIInterfaceOrientationPortraitUpsideDown";
				IPHONEOS_DEPLOYMENT_TARGET = 15.0;
				LD_RUNPATH_SEARCH_PATHS = (
					"$(inherited)",
					"@executable_path/Frameworks",
				);
				MARKETING_VERSION = 1.0.2;
				PRODUCT_BUNDLE_IDENTIFIER = com.seuhong.SplitIt;
				PRODUCT_NAME = "$(TARGET_NAME)";
				PROVISIONING_PROFILE_SPECIFIER = "";
				SUPPORTED_PLATFORMS = "iphoneos iphonesimulator";
				SUPPORTS_MACCATALYST = NO;
				SUPPORTS_MAC_DESIGNED_FOR_IPHONE_IPAD = NO;
				SWIFT_EMIT_LOC_STRINGS = YES;
				SWIFT_VERSION = 5.0;
				TARGETED_DEVICE_FAMILY = 1;
			};
			name = Debug;
		};
		6078ACDE2ADA74AD00995811 /* Release */ = {
			isa = XCBuildConfiguration;
			buildSettings = {
				ASSETCATALOG_COMPILER_APPICON_NAME = AppIcon;
				ASSETCATALOG_COMPILER_GLOBAL_ACCENT_COLOR_NAME = AccentColor;
				ASSETCATALOG_COMPILER_INCLUDE_ALL_APPICON_ASSETS = YES;
				CODE_SIGN_IDENTITY = "Apple Development";
				CODE_SIGN_STYLE = Automatic;
				CURRENT_PROJECT_VERSION = 0;
				DEVELOPMENT_TEAM = 3NP4Z3WZ94;
				GENERATE_INFOPLIST_FILE = YES;
				INFOPLIST_FILE = SplitIt/Info.plist;
				INFOPLIST_KEY_CFBundleDisplayName = "Split it!";
				INFOPLIST_KEY_LSApplicationCategoryType = "public.app-category.productivity";
				INFOPLIST_KEY_UIApplicationSupportsIndirectInputEvents = YES;
				INFOPLIST_KEY_UILaunchStoryboardName = LaunchScreen;
				INFOPLIST_KEY_UIStatusBarStyle = "";
				INFOPLIST_KEY_UISupportedInterfaceOrientations = UIInterfaceOrientationPortrait;
				INFOPLIST_KEY_UISupportedInterfaceOrientations_iPad = "UIInterfaceOrientationLandscapeLeft UIInterfaceOrientationLandscapeRight UIInterfaceOrientationPortrait UIInterfaceOrientationPortraitUpsideDown";
				IPHONEOS_DEPLOYMENT_TARGET = 15.0;
				LD_RUNPATH_SEARCH_PATHS = (
					"$(inherited)",
					"@executable_path/Frameworks",
				);
				MARKETING_VERSION = 1.0.2;
				PRODUCT_BUNDLE_IDENTIFIER = com.seuhong.SplitIt;
				PRODUCT_NAME = "$(TARGET_NAME)";
				PROVISIONING_PROFILE_SPECIFIER = "";
				SUPPORTED_PLATFORMS = "iphoneos iphonesimulator";
				SUPPORTS_MACCATALYST = NO;
				SUPPORTS_MAC_DESIGNED_FOR_IPHONE_IPAD = NO;
				SWIFT_EMIT_LOC_STRINGS = YES;
				SWIFT_VERSION = 5.0;
				TARGETED_DEVICE_FAMILY = 1;
			};
			name = Release;
		};
/* End XCBuildConfiguration section */

/* Begin XCConfigurationList section */
		6078ACC32ADA74AC00995811 /* Build configuration list for PBXProject "SplitIt" */ = {
			isa = XCConfigurationList;
			buildConfigurations = (
				6078ACDA2ADA74AD00995811 /* Debug */,
				6078ACDB2ADA74AD00995811 /* Release */,
			);
			defaultConfigurationIsVisible = 0;
			defaultConfigurationName = Release;
		};
		6078ACDC2ADA74AD00995811 /* Build configuration list for PBXNativeTarget "SplitIt" */ = {
			isa = XCConfigurationList;
			buildConfigurations = (
				6078ACDD2ADA74AD00995811 /* Debug */,
				6078ACDE2ADA74AD00995811 /* Release */,
			);
			defaultConfigurationIsVisible = 0;
			defaultConfigurationName = Release;
		};
/* End XCConfigurationList section */

/* Begin XCRemoteSwiftPackageReference section */
		1A1ACC512AF672F3004AC4CD /* XCRemoteSwiftPackageReference "SnapshotKit" */ = {
			isa = XCRemoteSwiftPackageReference;
			repositoryURL = "https://github.com/YK-Unit/SnapshotKit";
			requirement = {
				kind = upToNextMajorVersion;
				minimumVersion = 0.3.2;
			};
		};
		1A7845042AFD1AB100E38403 /* XCRemoteSwiftPackageReference "realm-swift" */ = {
			isa = XCRemoteSwiftPackageReference;
			repositoryURL = "https://github.com/realm/realm-swift";
			requirement = {
				branch = master;
				kind = branch;
			};
		};
		1AC4115D2B020D02008A45BC /* XCRemoteSwiftPackageReference "Toast-Swift" */ = {
			isa = XCRemoteSwiftPackageReference;
			repositoryURL = "https://github.com/scalessec/Toast-Swift";
			requirement = {
				kind = upToNextMajorVersion;
				minimumVersion = 5.0.0;
			};
		};
		60115DFA2ADBF8860050D32C /* XCRemoteSwiftPackageReference "RxAppState" */ = {
			isa = XCRemoteSwiftPackageReference;
			repositoryURL = "https://github.com/pixeldock/RxAppState";
			requirement = {
				kind = upToNextMajorVersion;
				minimumVersion = 1.0.0;
			};
		};
		604B5FBD2B035D6D00EDD5DA /* XCRemoteSwiftPackageReference "RxGesture" */ = {
			isa = XCRemoteSwiftPackageReference;
			repositoryURL = "https://github.com/RxSwiftCommunity/RxGesture";
			requirement = {
				kind = upToNextMajorVersion;
				minimumVersion = 4.0.0;
			};
		};
		6078ACDF2ADA751D00995811 /* XCRemoteSwiftPackageReference "RxRealm" */ = {
			isa = XCRemoteSwiftPackageReference;
			repositoryURL = "https://github.com/RxSwiftCommunity/RxRealm";
			requirement = {
				branch = main;
				kind = branch;
			};
		};
		6078ACE22ADA752600995811 /* XCRemoteSwiftPackageReference "Reusable" */ = {
			isa = XCRemoteSwiftPackageReference;
			repositoryURL = "https://github.com/AliSoftware/Reusable";
			requirement = {
				kind = upToNextMajorVersion;
				minimumVersion = 4.0.0;
			};
		};
		6078ACE52ADA752F00995811 /* XCRemoteSwiftPackageReference "Then" */ = {
			isa = XCRemoteSwiftPackageReference;
			repositoryURL = "https://github.com/devxoul/Then";
			requirement = {
				kind = upToNextMajorVersion;
				minimumVersion = 3.0.0;
			};
		};
		6078ACE82ADA753B00995811 /* XCRemoteSwiftPackageReference "SnapKit" */ = {
			isa = XCRemoteSwiftPackageReference;
			repositoryURL = "https://github.com/SnapKit/SnapKit";
			requirement = {
				kind = upToNextMajorVersion;
				minimumVersion = 5.0.0;
			};
		};
		6078ACEB2ADA756900995811 /* XCRemoteSwiftPackageReference "RxSwift" */ = {
			isa = XCRemoteSwiftPackageReference;
			repositoryURL = "https://github.com/ReactiveX/RxSwift";
			requirement = {
				kind = upToNextMajorVersion;
				minimumVersion = 6.0.0;
			};
		};
		6078ACF02ADA757E00995811 /* XCRemoteSwiftPackageReference "RxDataSources" */ = {
			isa = XCRemoteSwiftPackageReference;
			repositoryURL = "https://github.com/RxSwiftCommunity/RxDataSources";
			requirement = {
				kind = upToNextMajorVersion;
				minimumVersion = 5.0.0;
			};
		};
/* End XCRemoteSwiftPackageReference section */

/* Begin XCSwiftPackageProductDependency section */
		1A1ACC522AF672F3004AC4CD /* SnapshotKit */ = {
			isa = XCSwiftPackageProductDependency;
			package = 1A1ACC512AF672F3004AC4CD /* XCRemoteSwiftPackageReference "SnapshotKit" */;
			productName = SnapshotKit;
		};
		1A7845052AFD1AB100E38403 /* RealmSwift */ = {
			isa = XCSwiftPackageProductDependency;
			package = 1A7845042AFD1AB100E38403 /* XCRemoteSwiftPackageReference "realm-swift" */;
			productName = RealmSwift;
		};
		1AC4115E2B020D03008A45BC /* Toast */ = {
			isa = XCSwiftPackageProductDependency;
			package = 1AC4115D2B020D02008A45BC /* XCRemoteSwiftPackageReference "Toast-Swift" */;
			productName = Toast;
		};
		60115DFB2ADBF8860050D32C /* RxAppState */ = {
			isa = XCSwiftPackageProductDependency;
			package = 60115DFA2ADBF8860050D32C /* XCRemoteSwiftPackageReference "RxAppState" */;
			productName = RxAppState;
		};
		604B5FBE2B035D6D00EDD5DA /* RxGesture */ = {
			isa = XCSwiftPackageProductDependency;
			package = 604B5FBD2B035D6D00EDD5DA /* XCRemoteSwiftPackageReference "RxGesture" */;
			productName = RxGesture;
		};
		6078ACE02ADA751D00995811 /* RxRealm */ = {
			isa = XCSwiftPackageProductDependency;
			package = 6078ACDF2ADA751D00995811 /* XCRemoteSwiftPackageReference "RxRealm" */;
			productName = RxRealm;
		};
		6078ACE32ADA752600995811 /* Reusable */ = {
			isa = XCSwiftPackageProductDependency;
			package = 6078ACE22ADA752600995811 /* XCRemoteSwiftPackageReference "Reusable" */;
			productName = Reusable;
		};
		6078ACE62ADA752F00995811 /* Then */ = {
			isa = XCSwiftPackageProductDependency;
			package = 6078ACE52ADA752F00995811 /* XCRemoteSwiftPackageReference "Then" */;
			productName = Then;
		};
		6078ACE92ADA753B00995811 /* SnapKit */ = {
			isa = XCSwiftPackageProductDependency;
			package = 6078ACE82ADA753B00995811 /* XCRemoteSwiftPackageReference "SnapKit" */;
			productName = SnapKit;
		};
		6078ACEC2ADA756900995811 /* RxCocoa */ = {
			isa = XCSwiftPackageProductDependency;
			package = 6078ACEB2ADA756900995811 /* XCRemoteSwiftPackageReference "RxSwift" */;
			productName = RxCocoa;
		};
		6078ACEE2ADA756900995811 /* RxSwift */ = {
			isa = XCSwiftPackageProductDependency;
			package = 6078ACEB2ADA756900995811 /* XCRemoteSwiftPackageReference "RxSwift" */;
			productName = RxSwift;
		};
		6078ACF12ADA757E00995811 /* RxDataSources */ = {
			isa = XCSwiftPackageProductDependency;
			package = 6078ACF02ADA757E00995811 /* XCRemoteSwiftPackageReference "RxDataSources" */;
			productName = RxDataSources;
		};
/* End XCSwiftPackageProductDependency section */
	};
	rootObject = 6078ACC02ADA74AC00995811 /* Project object */;
}
